// !$*UTF8*$!
{
	archiveVersion = 1;
	classes = {
	};
	objectVersion = 48;
	objects = {

/* Begin PBXBuildFile section */
		0722E69920245B45001700D1 /* UIButtonBadgeViewController.m in Sources */ = {isa = PBXBuildFile; fileRef = 0722E69820245B45001700D1 /* UIButtonBadgeViewController.m */; };
		07F220E62086D94B00CAB7E6 /* WBModelView.m in Sources */ = {isa = PBXBuildFile; fileRef = 07F220E52086D94B00CAB7E6 /* WBModelView.m */; };
		07FE78A22085CAE7003680D7 /* DemoStaticTableViewController.m in Sources */ = {isa = PBXBuildFile; fileRef = 07FE78A12085CAE7003680D7 /* DemoStaticTableViewController.m */; };
		2D1D88F52029862D00B1A778 /* WBSerialAction.h in Headers */ = {isa = PBXBuildFile; fileRef = 2D1D88F32029862D00B1A778 /* WBSerialAction.h */; settings = {ATTRIBUTES = (Public, ); }; };
		2D1D88F62029862D00B1A778 /* WBSerialAction.m in Sources */ = {isa = PBXBuildFile; fileRef = 2D1D88F42029862D00B1A778 /* WBSerialAction.m */; };
		2D1D88FD202BEFD200B1A778 /* WBFlyClipProtocolHeaders.h in Headers */ = {isa = PBXBuildFile; fileRef = 2D1D88FC202BEFD200B1A778 /* WBFlyClipProtocolHeaders.h */; settings = {ATTRIBUTES = (Public, ); }; };
		2D300FAB2023128500CE4B73 /* UIView+BadgeHelper.h in Headers */ = {isa = PBXBuildFile; fileRef = 2D300FA92023128500CE4B73 /* UIView+BadgeHelper.h */; settings = {ATTRIBUTES = (Public, ); }; };
		2D300FAC2023128500CE4B73 /* UIView+BadgeHelper.m in Sources */ = {isa = PBXBuildFile; fileRef = 2D300FAA2023128500CE4B73 /* UIView+BadgeHelper.m */; };
		2D3323D01FCC4DAA00DA53A9 /* WBKit.m in Sources */ = {isa = PBXBuildFile; fileRef = 2D3323CF1FCC4DAA00DA53A9 /* WBKit.m */; };
		2D3323D11FCC4DAA00DA53A9 /* WBKit.h in CopyFiles */ = {isa = PBXBuildFile; fileRef = 2D3323CE1FCC4DAA00DA53A9 /* WBKit.h */; };
		2D3324101FCC52B300DA53A9 /* WBWebViewController.m in Sources */ = {isa = PBXBuildFile; fileRef = 2D33240F1FCC52B300DA53A9 /* WBWebViewController.m */; };
		2D3324221FCFA5F300DA53A9 /* UILabel+htmlString.m in Sources */ = {isa = PBXBuildFile; fileRef = 2D3324211FCFA5F300DA53A9 /* UILabel+htmlString.m */; };
		2D3324251FCFA6E100DA53A9 /* NSString+DecodingXMLEntities.m in Sources */ = {isa = PBXBuildFile; fileRef = 2D3324241FCFA6E100DA53A9 /* NSString+DecodingXMLEntities.m */; };
		2D3324281FCFA93C00DA53A9 /* UIColor+WBAdditions.m in Sources */ = {isa = PBXBuildFile; fileRef = 2D3324271FCFA93C00DA53A9 /* UIColor+WBAdditions.m */; };
		2D33242B1FCFAE8800DA53A9 /* UIImage+maskCut.m in Sources */ = {isa = PBXBuildFile; fileRef = 2D33242A1FCFAE8800DA53A9 /* UIImage+maskCut.m */; };
		2D33242C1FCFAFA900DA53A9 /* NSString+URLHelper.m in Sources */ = {isa = PBXBuildFile; fileRef = 2D3323EB1FCC50BA00DA53A9 /* NSString+URLHelper.m */; };
		2D3A3DD02052354F00A872DA /* UIGestureRecognizer+BlockedAction.h in Headers */ = {isa = PBXBuildFile; fileRef = 2D3A3DCE2052354F00A872DA /* UIGestureRecognizer+BlockedAction.h */; settings = {ATTRIBUTES = (Public, ); }; };
		2D3A3DD12052354F00A872DA /* UIGestureRecognizer+BlockedAction.m in Sources */ = {isa = PBXBuildFile; fileRef = 2D3A3DCF2052354F00A872DA /* UIGestureRecognizer+BlockedAction.m */; };
		2D3E82442010A1AF00C11DE0 /* DemoModel.m in Sources */ = {isa = PBXBuildFile; fileRef = 2D3E82432010A1AF00C11DE0 /* DemoModel.m */; };
		2D4100CE201625190009229E /* WBWebBridge.h in Headers */ = {isa = PBXBuildFile; fileRef = 2D4100CC201625190009229E /* WBWebBridge.h */; settings = {ATTRIBUTES = (Public, ); }; };
		2D4100CF201625190009229E /* WBWebBridge.m in Sources */ = {isa = PBXBuildFile; fileRef = 2D4100CD201625190009229E /* WBWebBridge.m */; };
		2D4100D2201634BA0009229E /* NSDictionary+JsonHelper.h in Headers */ = {isa = PBXBuildFile; fileRef = 2D4100D0201634BA0009229E /* NSDictionary+JsonHelper.h */; settings = {ATTRIBUTES = (Public, ); }; };
		2D4100D3201634BA0009229E /* NSDictionary+JsonHelper.m in Sources */ = {isa = PBXBuildFile; fileRef = 2D4100D1201634BA0009229E /* NSDictionary+JsonHelper.m */; };
		2D4AA6722007515A00613341 /* DemoIbView.m in Sources */ = {isa = PBXBuildFile; fileRef = 2D4AA6712007515A00613341 /* DemoIbView.m */; };
		2D4AA679200861F800613341 /* UIControl+BlockedAction.h in Headers */ = {isa = PBXBuildFile; fileRef = 2D4AA677200861F800613341 /* UIControl+BlockedAction.h */; settings = {ATTRIBUTES = (Public, ); }; };
		2D4AA67A200861F800613341 /* UIControl+BlockedAction.m in Sources */ = {isa = PBXBuildFile; fileRef = 2D4AA678200861F800613341 /* UIControl+BlockedAction.m */; };
		2D76165420329B1D00EDFCAB /* WBFlyClipDemoModule.m in Sources */ = {isa = PBXBuildFile; fileRef = 2D76165320329B1D00EDFCAB /* WBFlyClipDemoModule.m */; };
		2D76165720329D2100EDFCAB /* WBFlyClipDemoViewController.m in Sources */ = {isa = PBXBuildFile; fileRef = 2D76165620329D2100EDFCAB /* WBFlyClipDemoViewController.m */; };
		2D76165A2032CE6200EDFCAB /* UIViewController+FindCurrentHelper.h in Headers */ = {isa = PBXBuildFile; fileRef = 2D7616582032CE6200EDFCAB /* UIViewController+FindCurrentHelper.h */; settings = {ATTRIBUTES = (Public, ); }; };
		2D76165B2032CE6200EDFCAB /* UIViewController+FindCurrentHelper.m in Sources */ = {isa = PBXBuildFile; fileRef = 2D7616592032CE6200EDFCAB /* UIViewController+FindCurrentHelper.m */; };
		2DA4ED5C1FF0A3EC000F6F6D /* NSDate+WBAdditions.m in Sources */ = {isa = PBXBuildFile; fileRef = 2DA4ED5B1FF0A3EC000F6F6D /* NSDate+WBAdditions.m */; };
		2DAA5F2F20CE90800049D80E /* NSObjectSafe.h in Headers */ = {isa = PBXBuildFile; fileRef = 2DAA5F2D20CE90800049D80E /* NSObjectSafe.h */; };
		2DAA5F3020CE90800049D80E /* NSObjectSafe.m in Sources */ = {isa = PBXBuildFile; fileRef = 2DAA5F2E20CE90800049D80E /* NSObjectSafe.m */; };
		2DAAAE2F201F1CFE005F68D8 /* UITableViewController+StaticHelper.h in Headers */ = {isa = PBXBuildFile; fileRef = 2DAAAE2D201F1CFE005F68D8 /* UITableViewController+StaticHelper.h */; settings = {ATTRIBUTES = (Public, ); }; };
		2DAAAE30201F1CFE005F68D8 /* UITableViewController+StaticHelper.m in Sources */ = {isa = PBXBuildFile; fileRef = 2DAAAE2E201F1CFE005F68D8 /* UITableViewController+StaticHelper.m */; };
		2DAAAE33201F2338005F68D8 /* UITableViewCell+StaticHelper.h in Headers */ = {isa = PBXBuildFile; fileRef = 2DAAAE31201F2338005F68D8 /* UITableViewCell+StaticHelper.h */; settings = {ATTRIBUTES = (Public, ); }; };
		2DAAAE34201F2338005F68D8 /* UITableViewCell+StaticHelper.m in Sources */ = {isa = PBXBuildFile; fileRef = 2DAAAE32201F2338005F68D8 /* UITableViewCell+StaticHelper.m */; };
		2DAAAE3B201F5D80005F68D8 /* WBStaticTableViewHelper.h in Headers */ = {isa = PBXBuildFile; fileRef = 2DAAAE39201F5D80005F68D8 /* WBStaticTableViewHelper.h */; settings = {ATTRIBUTES = (Public, ); }; };
		2DAAAE3C201F5D80005F68D8 /* WBStaticTableViewHelper.m in Sources */ = {isa = PBXBuildFile; fileRef = 2DAAAE3A201F5D80005F68D8 /* WBStaticTableViewHelper.m */; };
		2DACDDC51FE7BEEC00BCE0A5 /* NSObject+SaveToDisk.m in Sources */ = {isa = PBXBuildFile; fileRef = 2DACDDC41FE7BEEC00BCE0A5 /* NSObject+SaveToDisk.m */; };
		2DBB21551FF21BDA00687B53 /* NSMutableArray+Unretain.m in Sources */ = {isa = PBXBuildFile; fileRef = 2DBB21541FF21BDA00687B53 /* NSMutableArray+Unretain.m */; };
		2DBD7CED1FF5E32300D1A967 /* NSString+regexDept.h in Headers */ = {isa = PBXBuildFile; fileRef = 2D3323DB1FCC4F4E00DA53A9 /* NSString+regexDept.h */; settings = {ATTRIBUTES = (Public, ); }; };
		2DBD7CEE1FF5E32300D1A967 /* NSString+DecodingXMLEntities.h in Headers */ = {isa = PBXBuildFile; fileRef = 2D3324231FCFA6E100DA53A9 /* NSString+DecodingXMLEntities.h */; settings = {ATTRIBUTES = (Public, ); }; };
		2DBD7CEF1FF5E32300D1A967 /* NSString+URLHelper.h in Headers */ = {isa = PBXBuildFile; fileRef = 2D3323EA1FCC50BA00DA53A9 /* NSString+URLHelper.h */; settings = {ATTRIBUTES = (Public, ); }; };
		2DBD7CF01FF5E32300D1A967 /* NSDictionary+MutableCopy.h in Headers */ = {isa = PBXBuildFile; fileRef = 2D3323E71FCC50A800DA53A9 /* NSDictionary+MutableCopy.h */; settings = {ATTRIBUTES = (Public, ); }; };
		2DBD7CF11FF5E32300D1A967 /* NSMutableArray+Unretain.h in Headers */ = {isa = PBXBuildFile; fileRef = 2DBB21531FF21BDA00687B53 /* NSMutableArray+Unretain.h */; settings = {ATTRIBUTES = (Public, ); }; };
		2DBD7CF21FF5E32300D1A967 /* NSObject+PropertyListing.h in Headers */ = {isa = PBXBuildFile; fileRef = 2D3323E61FCC50A800DA53A9 /* NSObject+PropertyListing.h */; settings = {ATTRIBUTES = (Public, ); }; };
		2DBD7CF31FF5E32300D1A967 /* NSObject+SaveToDisk.h in Headers */ = {isa = PBXBuildFile; fileRef = 2DACDDC31FE7BEEC00BCE0A5 /* NSObject+SaveToDisk.h */; settings = {ATTRIBUTES = (Public, ); }; };
		2DBD7CF41FF5E32300D1A967 /* UIColor+WBAdditions.h in Headers */ = {isa = PBXBuildFile; fileRef = 2D3324261FCFA93C00DA53A9 /* UIColor+WBAdditions.h */; settings = {ATTRIBUTES = (Public, ); }; };
		2DBD7CF51FF5E32300D1A967 /* NSDate+WBAdditions.h in Headers */ = {isa = PBXBuildFile; fileRef = 2DA4ED5A1FF0A3EC000F6F6D /* NSDate+WBAdditions.h */; settings = {ATTRIBUTES = (Public, ); }; };
		2DBD7CF61FF5E32300D1A967 /* UIViewController+WBLefeCircleEventManagement.h in Headers */ = {isa = PBXBuildFile; fileRef = 2D3323F01FCC50CD00DA53A9 /* UIViewController+WBLefeCircleEventManagement.h */; settings = {ATTRIBUTES = (Public, ); }; };
		2DBD7CF71FF5E32300D1A967 /* UIImage+ClearImage.h in Headers */ = {isa = PBXBuildFile; fileRef = 2D3323FD1FCC518900DA53A9 /* UIImage+ClearImage.h */; settings = {ATTRIBUTES = (Public, ); }; };
		2DBD7CF81FF5E32300D1A967 /* UIImage+maskCut.h in Headers */ = {isa = PBXBuildFile; fileRef = 2D3324291FCFAE8800DA53A9 /* UIImage+maskCut.h */; settings = {ATTRIBUTES = (Public, ); }; };
		2DBD7CF91FF5E32300D1A967 /* UIView+WBAnimationHelp.h in Headers */ = {isa = PBXBuildFile; fileRef = 2D3323FE1FCC518900DA53A9 /* UIView+WBAnimationHelp.h */; settings = {ATTRIBUTES = (Public, ); }; };
		2DBD7CFA1FF5E32300D1A967 /* UILabel+htmlString.h in Headers */ = {isa = PBXBuildFile; fileRef = 2D3324201FCFA5F300DA53A9 /* UILabel+htmlString.h */; settings = {ATTRIBUTES = (Public, ); }; };
		2DBD7CFB1FF5E32300D1A967 /* WBReloadScrollView.h in Headers */ = {isa = PBXBuildFile; fileRef = 2D33240D1FCC529C00DA53A9 /* WBReloadScrollView.h */; settings = {ATTRIBUTES = (Public, ); }; };
		2DBD7CFC1FF5E32300D1A967 /* WBClipableViewController.h in Headers */ = {isa = PBXBuildFile; fileRef = 2D3324041FCC51B000DA53A9 /* WBClipableViewController.h */; settings = {ATTRIBUTES = (Public, ); }; };
		2DBD7CFD1FF5E32300D1A967 /* UIViewController+WBFlyClip.h in Headers */ = {isa = PBXBuildFile; fileRef = 2D3324061FCC51B000DA53A9 /* UIViewController+WBFlyClip.h */; settings = {ATTRIBUTES = (Public, ); }; };
		2DBD7CFE1FF5E32300D1A967 /* WBFlyClipManager.h in Headers */ = {isa = PBXBuildFile; fileRef = 2D3324081FCC51B000DA53A9 /* WBFlyClipManager.h */; settings = {ATTRIBUTES = (Public, ); }; };
		2DBD7CFF1FF5E32300D1A967 /* WBCaptureView.h in Headers */ = {isa = PBXBuildFile; fileRef = 2D3324011FCC519F00DA53A9 /* WBCaptureView.h */; settings = {ATTRIBUTES = (Public, ); }; };
		2DBD7D001FF5E32300D1A967 /* FXBlurView.h in Headers */ = {isa = PBXBuildFile; fileRef = 2D3323F81FCC515800DA53A9 /* FXBlurView.h */; settings = {ATTRIBUTES = (Public, ); }; };
		2DBD7D011FF5E32300D1A967 /* UIView+WBBlur.h in Headers */ = {isa = PBXBuildFile; fileRef = 2D3323FA1FCC515800DA53A9 /* UIView+WBBlur.h */; settings = {ATTRIBUTES = (Public, ); }; };
		2DBD7D021FF5E32300D1A967 /* WBWebViewController.h in Headers */ = {isa = PBXBuildFile; fileRef = 2D33240E1FCC52B300DA53A9 /* WBWebViewController.h */; settings = {ATTRIBUTES = (Public, ); }; };
		2DBD7D031FF5E32300D1A967 /* WBModule.h in Headers */ = {isa = PBXBuildFile; fileRef = 2DCD824F1FF3C767004721DF /* WBModule.h */; settings = {ATTRIBUTES = (Public, ); }; };
		2DBD7D041FF5E32300D1A967 /* WBModuleManager.h in Headers */ = {isa = PBXBuildFile; fileRef = 2DCD82531FF3C80B004721DF /* WBModuleManager.h */; settings = {ATTRIBUTES = (Public, ); }; };
		2DBD7D0A1FF5E32300D1A967 /* WBURLRoute.h in Headers */ = {isa = PBXBuildFile; fileRef = 2D3323EE1FCC50BA00DA53A9 /* WBURLRoute.h */; settings = {ATTRIBUTES = (Public, ); }; };
		2DBD7D0B1FF5E32300D1A967 /* NSObject+MessageRequest.h in Headers */ = {isa = PBXBuildFile; fileRef = 2D3323E11FCC509300DA53A9 /* NSObject+MessageRequest.h */; settings = {ATTRIBUTES = (Public, ); }; };
		2DBD7D0C1FF5E32300D1A967 /* WBMessageTransferStation.h in Headers */ = {isa = PBXBuildFile; fileRef = 2D3323E31FCC509300DA53A9 /* WBMessageTransferStation.h */; settings = {ATTRIBUTES = (Public, ); }; };
		2DBD7D0D1FF5E32300D1A967 /* WBAppHelper.h in Headers */ = {isa = PBXBuildFile; fileRef = 2D3323EC1FCC50BA00DA53A9 /* WBAppHelper.h */; settings = {ATTRIBUTES = (Public, ); }; };
		2DBD7D0E1FF5E32300D1A967 /* WBGCD.h in Headers */ = {isa = PBXBuildFile; fileRef = 2D3323DD1FCC4F5E00DA53A9 /* WBGCD.h */; settings = {ATTRIBUTES = (Public, ); }; };
		2DBD7D171FF5EC1000D1A967 /* AppDelegate.m in Sources */ = {isa = PBXBuildFile; fileRef = 2DBD7D161FF5EC1000D1A967 /* AppDelegate.m */; };
		2DBD7D1A1FF5EC1000D1A967 /* ViewController.m in Sources */ = {isa = PBXBuildFile; fileRef = 2DBD7D191FF5EC1000D1A967 /* ViewController.m */; };
		2DBD7D1D1FF5EC1000D1A967 /* Main.storyboard in Resources */ = {isa = PBXBuildFile; fileRef = 2DBD7D1B1FF5EC1000D1A967 /* Main.storyboard */; };
		2DBD7D1F1FF5EC1000D1A967 /* Assets.xcassets in Resources */ = {isa = PBXBuildFile; fileRef = 2DBD7D1E1FF5EC1000D1A967 /* Assets.xcassets */; };
		2DBD7D221FF5EC1000D1A967 /* LaunchScreen.storyboard in Resources */ = {isa = PBXBuildFile; fileRef = 2DBD7D201FF5EC1000D1A967 /* LaunchScreen.storyboard */; };
		2DBD7D251FF5EC1000D1A967 /* main.m in Sources */ = {isa = PBXBuildFile; fileRef = 2DBD7D241FF5EC1000D1A967 /* main.m */; };
		2DBD7D2B1FF5EC4F00D1A967 /* DemoModule.m in Sources */ = {isa = PBXBuildFile; fileRef = 2DBD7D2A1FF5EC4F00D1A967 /* DemoModule.m */; };
		2DBD7D2E1FF5F3CC00D1A967 /* libWBKit.a in Frameworks */ = {isa = PBXBuildFile; fileRef = 2D3323CB1FCC4DAA00DA53A9 /* libWBKit.a */; };
		2DBD7D321FF6031B00D1A967 /* Foundation.framework in Frameworks */ = {isa = PBXBuildFile; fileRef = 2DBD7D311FF6031B00D1A967 /* Foundation.framework */; };
		2DBD7D341FF6032500D1A967 /* UIKit.framework in Frameworks */ = {isa = PBXBuildFile; fileRef = 2DBD7D331FF6032500D1A967 /* UIKit.framework */; };
		2DBD7D371FF603A100D1A967 /* libicucore.tbd in Frameworks */ = {isa = PBXBuildFile; fileRef = 2DBD7D351FF6036100D1A967 /* libicucore.tbd */; };
		2DC6E6B01FFE4776004BAB1B /* NSObject+IdentifyHelper.h in Headers */ = {isa = PBXBuildFile; fileRef = 2DC6E6AE1FFE4776004BAB1B /* NSObject+IdentifyHelper.h */; settings = {ATTRIBUTES = (Public, ); }; };
		2DC6E6B11FFE4776004BAB1B /* NSObject+IdentifyHelper.m in Sources */ = {isa = PBXBuildFile; fileRef = 2DC6E6AF1FFE4776004BAB1B /* NSObject+IdentifyHelper.m */; };
		2DC6E6B41FFE4DB0004BAB1B /* DemoMessageListenner.m in Sources */ = {isa = PBXBuildFile; fileRef = 2DC6E6B31FFE4DB0004BAB1B /* DemoMessageListenner.m */; };
		2DC7E9552004DF32008904FD /* UIView+Skinable.h in Headers */ = {isa = PBXBuildFile; fileRef = 2DC7E9532004DF32008904FD /* UIView+Skinable.h */; settings = {ATTRIBUTES = (Public, ); }; };
		2DC7E9562004DF32008904FD /* UIView+Skinable.m in Sources */ = {isa = PBXBuildFile; fileRef = 2DC7E9542004DF32008904FD /* UIView+Skinable.m */; };
		2DC7E9592004E2DD008904FD /* SkinModule.m in Sources */ = {isa = PBXBuildFile; fileRef = 2DC7E9582004E2DD008904FD /* SkinModule.m */; };
		2DCD82551FF3C80B004721DF /* WBModuleManager.m in Sources */ = {isa = PBXBuildFile; fileRef = 2DCD82541FF3C80B004721DF /* WBModuleManager.m */; };
		2DF1C5881FF4F93C007BB079 /* NSString+regexDept.m in Sources */ = {isa = PBXBuildFile; fileRef = 2D3323DA1FCC4F4E00DA53A9 /* NSString+regexDept.m */; };
		2DF1C5891FF4F941007BB079 /* NSDictionary+MutableCopy.m in Sources */ = {isa = PBXBuildFile; fileRef = 2D3323E51FCC50A800DA53A9 /* NSDictionary+MutableCopy.m */; };
		2DF1C58A1FF4F946007BB079 /* NSObject+PropertyListing.m in Sources */ = {isa = PBXBuildFile; fileRef = 2D3323E81FCC50A800DA53A9 /* NSObject+PropertyListing.m */; };
		2DF1C58B1FF4F94E007BB079 /* UIViewController+WBLefeCircleEventManagement.m in Sources */ = {isa = PBXBuildFile; fileRef = 2D3323F11FCC50CD00DA53A9 /* UIViewController+WBLefeCircleEventManagement.m */; };
		2DF1C58C1FF4F951007BB079 /* UIImage+ClearImage.m in Sources */ = {isa = PBXBuildFile; fileRef = 2D3323FC1FCC518900DA53A9 /* UIImage+ClearImage.m */; };
		2DF1C58D1FF4F956007BB079 /* UIView+WBAnimationHelp.m in Sources */ = {isa = PBXBuildFile; fileRef = 2D3323FF1FCC518900DA53A9 /* UIView+WBAnimationHelp.m */; };
		2DF1C58E1FF4F95C007BB079 /* WBReloadScrollView.m in Sources */ = {isa = PBXBuildFile; fileRef = 2D33240C1FCC529B00DA53A9 /* WBReloadScrollView.m */; };
		2DF1C58F1FF4F961007BB079 /* WBClipableViewController.m in Sources */ = {isa = PBXBuildFile; fileRef = 2D3324051FCC51B000DA53A9 /* WBClipableViewController.m */; };
		2DF1C5901FF4F963007BB079 /* UIViewController+WBFlyClip.m in Sources */ = {isa = PBXBuildFile; fileRef = 2D3324071FCC51B000DA53A9 /* UIViewController+WBFlyClip.m */; };
		2DF1C5911FF4F966007BB079 /* WBFlyClipManager.m in Sources */ = {isa = PBXBuildFile; fileRef = 2D3324091FCC51B000DA53A9 /* WBFlyClipManager.m */; };
		2DF1C5921FF4F986007BB079 /* WBCaptureView.m in Sources */ = {isa = PBXBuildFile; fileRef = 2D3324021FCC519F00DA53A9 /* WBCaptureView.m */; };
		2DF1C5931FF4F98A007BB079 /* FXBlurView.m in Sources */ = {isa = PBXBuildFile; fileRef = 2D3323F91FCC515800DA53A9 /* FXBlurView.m */; };
		2DF1C5941FF4F98C007BB079 /* UIView+WBBlur.m in Sources */ = {isa = PBXBuildFile; fileRef = 2D3323FB1FCC515800DA53A9 /* UIView+WBBlur.m */; };
		2DF1C59A1FF4F9C2007BB079 /* WBURLRoute.m in Sources */ = {isa = PBXBuildFile; fileRef = 2D3323EF1FCC50BA00DA53A9 /* WBURLRoute.m */; };
		2DF1C59B1FF4F9FB007BB079 /* NSObject+MessageRequest.m in Sources */ = {isa = PBXBuildFile; fileRef = 2D3323E21FCC509300DA53A9 /* NSObject+MessageRequest.m */; };
		2DF1C59C1FF4FA19007BB079 /* WBMessageTransferStation.m in Sources */ = {isa = PBXBuildFile; fileRef = 2D3323E41FCC509300DA53A9 /* WBMessageTransferStation.m */; };
		2DF1C59D1FF4FA1D007BB079 /* WBAppHelper.m in Sources */ = {isa = PBXBuildFile; fileRef = 2D3323ED1FCC50BA00DA53A9 /* WBAppHelper.m */; };
		2DF1C59E1FF4FA20007BB079 /* WBGCD.m in Sources */ = {isa = PBXBuildFile; fileRef = 2D3323DC1FCC4F5E00DA53A9 /* WBGCD.m */; };
		2DF1C5A01FF4FB26007BB079 /* WBHeader.h in Headers */ = {isa = PBXBuildFile; fileRef = 2D3324181FCC550500DA53A9 /* WBHeader.h */; settings = {ATTRIBUTES = (Public, ); }; };
		2DF1C5A11FF4FB26007BB079 /* WBKit.h in Headers */ = {isa = PBXBuildFile; fileRef = 2D3323CE1FCC4DAA00DA53A9 /* WBKit.h */; settings = {ATTRIBUTES = (Public, ); }; };
/* End PBXBuildFile section */

/* Begin PBXContainerItemProxy section */
		2DBD7D2F1FF5F6E700D1A967 /* PBXContainerItemProxy */ = {
			isa = PBXContainerItemProxy;
			containerPortal = 2D3323C31FCC4DAA00DA53A9 /* Project object */;
			proxyType = 1;
			remoteGlobalIDString = 2D3323CA1FCC4DAA00DA53A9;
			remoteInfo = WBKit;
		};
/* End PBXContainerItemProxy section */

/* Begin PBXCopyFilesBuildPhase section */
		2D3323C91FCC4DAA00DA53A9 /* CopyFiles */ = {
			isa = PBXCopyFilesBuildPhase;
			buildActionMask = 2147483647;
			dstPath = "include/$(PRODUCT_NAME)";
			dstSubfolderSpec = 16;
			files = (
				2D3323D11FCC4DAA00DA53A9 /* WBKit.h in CopyFiles */,
			);
			runOnlyForDeploymentPostprocessing = 0;
		};
/* End PBXCopyFilesBuildPhase section */

/* Begin PBXFileReference section */
		070065E61FF4AB6A0059B62E /* README.md */ = {isa = PBXFileReference; lastKnownFileType = net.daringfireball.markdown; path = README.md; sourceTree = "<group>"; };
		0722E69720245B45001700D1 /* UIButtonBadgeViewController.h */ = {isa = PBXFileReference; lastKnownFileType = sourcecode.c.h; path = UIButtonBadgeViewController.h; sourceTree = "<group>"; };
		0722E69820245B45001700D1 /* UIButtonBadgeViewController.m */ = {isa = PBXFileReference; lastKnownFileType = sourcecode.c.objc; path = UIButtonBadgeViewController.m; sourceTree = "<group>"; };
		07F220E42086D94B00CAB7E6 /* WBModelView.h */ = {isa = PBXFileReference; lastKnownFileType = sourcecode.c.h; path = WBModelView.h; sourceTree = "<group>"; };
		07F220E52086D94B00CAB7E6 /* WBModelView.m */ = {isa = PBXFileReference; lastKnownFileType = sourcecode.c.objc; path = WBModelView.m; sourceTree = "<group>"; };
		07FE78A02085CAE7003680D7 /* DemoStaticTableViewController.h */ = {isa = PBXFileReference; fileEncoding = 4; lastKnownFileType = sourcecode.c.h; path = DemoStaticTableViewController.h; sourceTree = "<group>"; };
		07FE78A12085CAE7003680D7 /* DemoStaticTableViewController.m */ = {isa = PBXFileReference; fileEncoding = 4; lastKnownFileType = sourcecode.c.objc; path = DemoStaticTableViewController.m; sourceTree = "<group>"; };
		2D1D88F32029862D00B1A778 /* WBSerialAction.h */ = {isa = PBXFileReference; lastKnownFileType = sourcecode.c.h; path = WBSerialAction.h; sourceTree = "<group>"; };
		2D1D88F42029862D00B1A778 /* WBSerialAction.m */ = {isa = PBXFileReference; lastKnownFileType = sourcecode.c.objc; path = WBSerialAction.m; sourceTree = "<group>"; };
		2D1D88FC202BEFD200B1A778 /* WBFlyClipProtocolHeaders.h */ = {isa = PBXFileReference; lastKnownFileType = sourcecode.c.h; path = WBFlyClipProtocolHeaders.h; sourceTree = "<group>"; };
		2D300FA92023128500CE4B73 /* UIView+BadgeHelper.h */ = {isa = PBXFileReference; lastKnownFileType = sourcecode.c.h; path = "UIView+BadgeHelper.h"; sourceTree = "<group>"; };
		2D300FAA2023128500CE4B73 /* UIView+BadgeHelper.m */ = {isa = PBXFileReference; lastKnownFileType = sourcecode.c.objc; path = "UIView+BadgeHelper.m"; sourceTree = "<group>"; };
		2D3323CB1FCC4DAA00DA53A9 /* libWBKit.a */ = {isa = PBXFileReference; explicitFileType = archive.ar; includeInIndex = 0; path = libWBKit.a; sourceTree = BUILT_PRODUCTS_DIR; };
		2D3323CE1FCC4DAA00DA53A9 /* WBKit.h */ = {isa = PBXFileReference; lastKnownFileType = sourcecode.c.h; path = WBKit.h; sourceTree = "<group>"; };
		2D3323CF1FCC4DAA00DA53A9 /* WBKit.m */ = {isa = PBXFileReference; lastKnownFileType = sourcecode.c.objc; path = WBKit.m; sourceTree = "<group>"; };
		2D3323DA1FCC4F4E00DA53A9 /* NSString+regexDept.m */ = {isa = PBXFileReference; lastKnownFileType = sourcecode.c.objc; path = "NSString+regexDept.m"; sourceTree = "<group>"; };
		2D3323DB1FCC4F4E00DA53A9 /* NSString+regexDept.h */ = {isa = PBXFileReference; lastKnownFileType = sourcecode.c.h; path = "NSString+regexDept.h"; sourceTree = "<group>"; };
		2D3323DC1FCC4F5E00DA53A9 /* WBGCD.m */ = {isa = PBXFileReference; lastKnownFileType = sourcecode.c.objc; path = WBGCD.m; sourceTree = "<group>"; };
		2D3323DD1FCC4F5E00DA53A9 /* WBGCD.h */ = {isa = PBXFileReference; lastKnownFileType = sourcecode.c.h; path = WBGCD.h; sourceTree = "<group>"; };
		2D3323E11FCC509300DA53A9 /* NSObject+MessageRequest.h */ = {isa = PBXFileReference; lastKnownFileType = sourcecode.c.h; path = "NSObject+MessageRequest.h"; sourceTree = "<group>"; };
		2D3323E21FCC509300DA53A9 /* NSObject+MessageRequest.m */ = {isa = PBXFileReference; lastKnownFileType = sourcecode.c.objc; path = "NSObject+MessageRequest.m"; sourceTree = "<group>"; };
		2D3323E31FCC509300DA53A9 /* WBMessageTransferStation.h */ = {isa = PBXFileReference; lastKnownFileType = sourcecode.c.h; path = WBMessageTransferStation.h; sourceTree = "<group>"; };
		2D3323E41FCC509300DA53A9 /* WBMessageTransferStation.m */ = {isa = PBXFileReference; lastKnownFileType = sourcecode.c.objc; path = WBMessageTransferStation.m; sourceTree = "<group>"; };
		2D3323E51FCC50A800DA53A9 /* NSDictionary+MutableCopy.m */ = {isa = PBXFileReference; lastKnownFileType = sourcecode.c.objc; path = "NSDictionary+MutableCopy.m"; sourceTree = "<group>"; };
		2D3323E61FCC50A800DA53A9 /* NSObject+PropertyListing.h */ = {isa = PBXFileReference; lastKnownFileType = sourcecode.c.h; path = "NSObject+PropertyListing.h"; sourceTree = "<group>"; };
		2D3323E71FCC50A800DA53A9 /* NSDictionary+MutableCopy.h */ = {isa = PBXFileReference; lastKnownFileType = sourcecode.c.h; path = "NSDictionary+MutableCopy.h"; sourceTree = "<group>"; };
		2D3323E81FCC50A800DA53A9 /* NSObject+PropertyListing.m */ = {isa = PBXFileReference; lastKnownFileType = sourcecode.c.objc; path = "NSObject+PropertyListing.m"; sourceTree = "<group>"; };
		2D3323EA1FCC50BA00DA53A9 /* NSString+URLHelper.h */ = {isa = PBXFileReference; lastKnownFileType = sourcecode.c.h; path = "NSString+URLHelper.h"; sourceTree = "<group>"; };
		2D3323EB1FCC50BA00DA53A9 /* NSString+URLHelper.m */ = {isa = PBXFileReference; lastKnownFileType = sourcecode.c.objc; path = "NSString+URLHelper.m"; sourceTree = "<group>"; };
		2D3323EC1FCC50BA00DA53A9 /* WBAppHelper.h */ = {isa = PBXFileReference; lastKnownFileType = sourcecode.c.h; path = WBAppHelper.h; sourceTree = "<group>"; };
		2D3323ED1FCC50BA00DA53A9 /* WBAppHelper.m */ = {isa = PBXFileReference; lastKnownFileType = sourcecode.c.objc; path = WBAppHelper.m; sourceTree = "<group>"; };
		2D3323EE1FCC50BA00DA53A9 /* WBURLRoute.h */ = {isa = PBXFileReference; lastKnownFileType = sourcecode.c.h; path = WBURLRoute.h; sourceTree = "<group>"; };
		2D3323EF1FCC50BA00DA53A9 /* WBURLRoute.m */ = {isa = PBXFileReference; lastKnownFileType = sourcecode.c.objc; path = WBURLRoute.m; sourceTree = "<group>"; };
		2D3323F01FCC50CD00DA53A9 /* UIViewController+WBLefeCircleEventManagement.h */ = {isa = PBXFileReference; lastKnownFileType = sourcecode.c.h; path = "UIViewController+WBLefeCircleEventManagement.h"; sourceTree = "<group>"; };
		2D3323F11FCC50CD00DA53A9 /* UIViewController+WBLefeCircleEventManagement.m */ = {isa = PBXFileReference; lastKnownFileType = sourcecode.c.objc; path = "UIViewController+WBLefeCircleEventManagement.m"; sourceTree = "<group>"; };
		2D3323F81FCC515800DA53A9 /* FXBlurView.h */ = {isa = PBXFileReference; lastKnownFileType = sourcecode.c.h; path = FXBlurView.h; sourceTree = "<group>"; };
		2D3323F91FCC515800DA53A9 /* FXBlurView.m */ = {isa = PBXFileReference; lastKnownFileType = sourcecode.c.objc; path = FXBlurView.m; sourceTree = "<group>"; };
		2D3323FA1FCC515800DA53A9 /* UIView+WBBlur.h */ = {isa = PBXFileReference; lastKnownFileType = sourcecode.c.h; path = "UIView+WBBlur.h"; sourceTree = "<group>"; };
		2D3323FB1FCC515800DA53A9 /* UIView+WBBlur.m */ = {isa = PBXFileReference; lastKnownFileType = sourcecode.c.objc; path = "UIView+WBBlur.m"; sourceTree = "<group>"; };
		2D3323FC1FCC518900DA53A9 /* UIImage+ClearImage.m */ = {isa = PBXFileReference; lastKnownFileType = sourcecode.c.objc; path = "UIImage+ClearImage.m"; sourceTree = "<group>"; };
		2D3323FD1FCC518900DA53A9 /* UIImage+ClearImage.h */ = {isa = PBXFileReference; lastKnownFileType = sourcecode.c.h; path = "UIImage+ClearImage.h"; sourceTree = "<group>"; };
		2D3323FE1FCC518900DA53A9 /* UIView+WBAnimationHelp.h */ = {isa = PBXFileReference; lastKnownFileType = sourcecode.c.h; path = "UIView+WBAnimationHelp.h"; sourceTree = "<group>"; };
		2D3323FF1FCC518900DA53A9 /* UIView+WBAnimationHelp.m */ = {isa = PBXFileReference; lastKnownFileType = sourcecode.c.objc; path = "UIView+WBAnimationHelp.m"; sourceTree = "<group>"; };
		2D3324011FCC519F00DA53A9 /* WBCaptureView.h */ = {isa = PBXFileReference; lastKnownFileType = sourcecode.c.h; path = WBCaptureView.h; sourceTree = "<group>"; };
		2D3324021FCC519F00DA53A9 /* WBCaptureView.m */ = {isa = PBXFileReference; lastKnownFileType = sourcecode.c.objc; path = WBCaptureView.m; sourceTree = "<group>"; };
		2D3324041FCC51B000DA53A9 /* WBClipableViewController.h */ = {isa = PBXFileReference; lastKnownFileType = sourcecode.c.h; path = WBClipableViewController.h; sourceTree = "<group>"; };
		2D3324051FCC51B000DA53A9 /* WBClipableViewController.m */ = {isa = PBXFileReference; lastKnownFileType = sourcecode.c.objc; path = WBClipableViewController.m; sourceTree = "<group>"; };
		2D3324061FCC51B000DA53A9 /* UIViewController+WBFlyClip.h */ = {isa = PBXFileReference; lastKnownFileType = sourcecode.c.h; path = "UIViewController+WBFlyClip.h"; sourceTree = "<group>"; };
		2D3324071FCC51B000DA53A9 /* UIViewController+WBFlyClip.m */ = {isa = PBXFileReference; lastKnownFileType = sourcecode.c.objc; path = "UIViewController+WBFlyClip.m"; sourceTree = "<group>"; };
		2D3324081FCC51B000DA53A9 /* WBFlyClipManager.h */ = {isa = PBXFileReference; lastKnownFileType = sourcecode.c.h; path = WBFlyClipManager.h; sourceTree = "<group>"; };
		2D3324091FCC51B000DA53A9 /* WBFlyClipManager.m */ = {isa = PBXFileReference; lastKnownFileType = sourcecode.c.objc; path = WBFlyClipManager.m; sourceTree = "<group>"; };
		2D33240C1FCC529B00DA53A9 /* WBReloadScrollView.m */ = {isa = PBXFileReference; lastKnownFileType = sourcecode.c.objc; path = WBReloadScrollView.m; sourceTree = "<group>"; };
		2D33240D1FCC529C00DA53A9 /* WBReloadScrollView.h */ = {isa = PBXFileReference; lastKnownFileType = sourcecode.c.h; path = WBReloadScrollView.h; sourceTree = "<group>"; };
		2D33240E1FCC52B300DA53A9 /* WBWebViewController.h */ = {isa = PBXFileReference; lastKnownFileType = sourcecode.c.h; path = WBWebViewController.h; sourceTree = "<group>"; };
		2D33240F1FCC52B300DA53A9 /* WBWebViewController.m */ = {isa = PBXFileReference; lastKnownFileType = sourcecode.c.objc; path = WBWebViewController.m; sourceTree = "<group>"; };
		2D3324181FCC550500DA53A9 /* WBHeader.h */ = {isa = PBXFileReference; lastKnownFileType = sourcecode.c.h; path = WBHeader.h; sourceTree = "<group>"; };
		2D3324201FCFA5F300DA53A9 /* UILabel+htmlString.h */ = {isa = PBXFileReference; lastKnownFileType = sourcecode.c.h; path = "UILabel+htmlString.h"; sourceTree = "<group>"; };
		2D3324211FCFA5F300DA53A9 /* UILabel+htmlString.m */ = {isa = PBXFileReference; lastKnownFileType = sourcecode.c.objc; path = "UILabel+htmlString.m"; sourceTree = "<group>"; };
		2D3324231FCFA6E100DA53A9 /* NSString+DecodingXMLEntities.h */ = {isa = PBXFileReference; lastKnownFileType = sourcecode.c.h; path = "NSString+DecodingXMLEntities.h"; sourceTree = "<group>"; };
		2D3324241FCFA6E100DA53A9 /* NSString+DecodingXMLEntities.m */ = {isa = PBXFileReference; lastKnownFileType = sourcecode.c.objc; path = "NSString+DecodingXMLEntities.m"; sourceTree = "<group>"; };
		2D3324261FCFA93C00DA53A9 /* UIColor+WBAdditions.h */ = {isa = PBXFileReference; lastKnownFileType = sourcecode.c.h; path = "UIColor+WBAdditions.h"; sourceTree = "<group>"; };
		2D3324271FCFA93C00DA53A9 /* UIColor+WBAdditions.m */ = {isa = PBXFileReference; lastKnownFileType = sourcecode.c.objc; path = "UIColor+WBAdditions.m"; sourceTree = "<group>"; };
		2D3324291FCFAE8800DA53A9 /* UIImage+maskCut.h */ = {isa = PBXFileReference; lastKnownFileType = sourcecode.c.h; path = "UIImage+maskCut.h"; sourceTree = "<group>"; };
		2D33242A1FCFAE8800DA53A9 /* UIImage+maskCut.m */ = {isa = PBXFileReference; lastKnownFileType = sourcecode.c.objc; path = "UIImage+maskCut.m"; sourceTree = "<group>"; };
		2D3A3DCE2052354F00A872DA /* UIGestureRecognizer+BlockedAction.h */ = {isa = PBXFileReference; lastKnownFileType = sourcecode.c.h; path = "UIGestureRecognizer+BlockedAction.h"; sourceTree = "<group>"; };
		2D3A3DCF2052354F00A872DA /* UIGestureRecognizer+BlockedAction.m */ = {isa = PBXFileReference; lastKnownFileType = sourcecode.c.objc; path = "UIGestureRecognizer+BlockedAction.m"; sourceTree = "<group>"; };
		2D3E82422010A1AF00C11DE0 /* DemoModel.h */ = {isa = PBXFileReference; lastKnownFileType = sourcecode.c.h; path = DemoModel.h; sourceTree = "<group>"; };
		2D3E82432010A1AF00C11DE0 /* DemoModel.m */ = {isa = PBXFileReference; lastKnownFileType = sourcecode.c.objc; path = DemoModel.m; sourceTree = "<group>"; };
		2D4100CC201625190009229E /* WBWebBridge.h */ = {isa = PBXFileReference; lastKnownFileType = sourcecode.c.h; path = WBWebBridge.h; sourceTree = "<group>"; };
		2D4100CD201625190009229E /* WBWebBridge.m */ = {isa = PBXFileReference; lastKnownFileType = sourcecode.c.objc; path = WBWebBridge.m; sourceTree = "<group>"; };
		2D4100D0201634BA0009229E /* NSDictionary+JsonHelper.h */ = {isa = PBXFileReference; lastKnownFileType = sourcecode.c.h; path = "NSDictionary+JsonHelper.h"; sourceTree = "<group>"; };
		2D4100D1201634BA0009229E /* NSDictionary+JsonHelper.m */ = {isa = PBXFileReference; lastKnownFileType = sourcecode.c.objc; path = "NSDictionary+JsonHelper.m"; sourceTree = "<group>"; };
		2D4AA6702007515A00613341 /* DemoIbView.h */ = {isa = PBXFileReference; lastKnownFileType = sourcecode.c.h; path = DemoIbView.h; sourceTree = "<group>"; };
		2D4AA6712007515A00613341 /* DemoIbView.m */ = {isa = PBXFileReference; lastKnownFileType = sourcecode.c.objc; path = DemoIbView.m; sourceTree = "<group>"; };
		2D4AA677200861F800613341 /* UIControl+BlockedAction.h */ = {isa = PBXFileReference; lastKnownFileType = sourcecode.c.h; path = "UIControl+BlockedAction.h"; sourceTree = "<group>"; };
		2D4AA678200861F800613341 /* UIControl+BlockedAction.m */ = {isa = PBXFileReference; lastKnownFileType = sourcecode.c.objc; path = "UIControl+BlockedAction.m"; sourceTree = "<group>"; };
		2D76165220329B1D00EDFCAB /* WBFlyClipDemoModule.h */ = {isa = PBXFileReference; lastKnownFileType = sourcecode.c.h; path = WBFlyClipDemoModule.h; sourceTree = "<group>"; };
		2D76165320329B1D00EDFCAB /* WBFlyClipDemoModule.m */ = {isa = PBXFileReference; lastKnownFileType = sourcecode.c.objc; path = WBFlyClipDemoModule.m; sourceTree = "<group>"; };
		2D76165520329D2100EDFCAB /* WBFlyClipDemoViewController.h */ = {isa = PBXFileReference; lastKnownFileType = sourcecode.c.h; path = WBFlyClipDemoViewController.h; sourceTree = "<group>"; };
		2D76165620329D2100EDFCAB /* WBFlyClipDemoViewController.m */ = {isa = PBXFileReference; lastKnownFileType = sourcecode.c.objc; path = WBFlyClipDemoViewController.m; sourceTree = "<group>"; };
		2D7616582032CE6200EDFCAB /* UIViewController+FindCurrentHelper.h */ = {isa = PBXFileReference; lastKnownFileType = sourcecode.c.h; path = "UIViewController+FindCurrentHelper.h"; sourceTree = "<group>"; };
		2D7616592032CE6200EDFCAB /* UIViewController+FindCurrentHelper.m */ = {isa = PBXFileReference; lastKnownFileType = sourcecode.c.objc; path = "UIViewController+FindCurrentHelper.m"; sourceTree = "<group>"; };
		2DA4ED5A1FF0A3EC000F6F6D /* NSDate+WBAdditions.h */ = {isa = PBXFileReference; lastKnownFileType = sourcecode.c.h; path = "NSDate+WBAdditions.h"; sourceTree = "<group>"; };
		2DA4ED5B1FF0A3EC000F6F6D /* NSDate+WBAdditions.m */ = {isa = PBXFileReference; lastKnownFileType = sourcecode.c.objc; path = "NSDate+WBAdditions.m"; sourceTree = "<group>"; };
		2DAA5F2D20CE90800049D80E /* NSObjectSafe.h */ = {isa = PBXFileReference; fileEncoding = 4; lastKnownFileType = sourcecode.c.h; path = NSObjectSafe.h; sourceTree = "<group>"; };
		2DAA5F2E20CE90800049D80E /* NSObjectSafe.m */ = {isa = PBXFileReference; fileEncoding = 4; lastKnownFileType = sourcecode.c.objc; path = NSObjectSafe.m; sourceTree = "<group>"; };
		2DAAAE2D201F1CFE005F68D8 /* UITableViewController+StaticHelper.h */ = {isa = PBXFileReference; lastKnownFileType = sourcecode.c.h; path = "UITableViewController+StaticHelper.h"; sourceTree = "<group>"; };
		2DAAAE2E201F1CFE005F68D8 /* UITableViewController+StaticHelper.m */ = {isa = PBXFileReference; lastKnownFileType = sourcecode.c.objc; path = "UITableViewController+StaticHelper.m"; sourceTree = "<group>"; };
		2DAAAE31201F2338005F68D8 /* UITableViewCell+StaticHelper.h */ = {isa = PBXFileReference; lastKnownFileType = sourcecode.c.h; path = "UITableViewCell+StaticHelper.h"; sourceTree = "<group>"; };
		2DAAAE32201F2338005F68D8 /* UITableViewCell+StaticHelper.m */ = {isa = PBXFileReference; lastKnownFileType = sourcecode.c.objc; path = "UITableViewCell+StaticHelper.m"; sourceTree = "<group>"; };
		2DAAAE39201F5D80005F68D8 /* WBStaticTableViewHelper.h */ = {isa = PBXFileReference; lastKnownFileType = sourcecode.c.h; path = WBStaticTableViewHelper.h; sourceTree = "<group>"; };
		2DAAAE3A201F5D80005F68D8 /* WBStaticTableViewHelper.m */ = {isa = PBXFileReference; lastKnownFileType = sourcecode.c.objc; path = WBStaticTableViewHelper.m; sourceTree = "<group>"; };
		2DACDDC31FE7BEEC00BCE0A5 /* NSObject+SaveToDisk.h */ = {isa = PBXFileReference; lastKnownFileType = sourcecode.c.h; path = "NSObject+SaveToDisk.h"; sourceTree = "<group>"; };
		2DACDDC41FE7BEEC00BCE0A5 /* NSObject+SaveToDisk.m */ = {isa = PBXFileReference; lastKnownFileType = sourcecode.c.objc; path = "NSObject+SaveToDisk.m"; sourceTree = "<group>"; };
		2DBB21531FF21BDA00687B53 /* NSMutableArray+Unretain.h */ = {isa = PBXFileReference; lastKnownFileType = sourcecode.c.h; path = "NSMutableArray+Unretain.h"; sourceTree = "<group>"; };
		2DBB21541FF21BDA00687B53 /* NSMutableArray+Unretain.m */ = {isa = PBXFileReference; lastKnownFileType = sourcecode.c.objc; path = "NSMutableArray+Unretain.m"; sourceTree = "<group>"; };
		2DBD7D131FF5EC1000D1A967 /* WBKitDemo.app */ = {isa = PBXFileReference; explicitFileType = wrapper.application; includeInIndex = 0; path = WBKitDemo.app; sourceTree = BUILT_PRODUCTS_DIR; };
		2DBD7D151FF5EC1000D1A967 /* AppDelegate.h */ = {isa = PBXFileReference; lastKnownFileType = sourcecode.c.h; path = AppDelegate.h; sourceTree = "<group>"; };
		2DBD7D161FF5EC1000D1A967 /* AppDelegate.m */ = {isa = PBXFileReference; lastKnownFileType = sourcecode.c.objc; path = AppDelegate.m; sourceTree = "<group>"; };
		2DBD7D181FF5EC1000D1A967 /* ViewController.h */ = {isa = PBXFileReference; lastKnownFileType = sourcecode.c.h; path = ViewController.h; sourceTree = "<group>"; };
		2DBD7D191FF5EC1000D1A967 /* ViewController.m */ = {isa = PBXFileReference; lastKnownFileType = sourcecode.c.objc; path = ViewController.m; sourceTree = "<group>"; };
		2DBD7D1C1FF5EC1000D1A967 /* Base */ = {isa = PBXFileReference; lastKnownFileType = file.storyboard; name = Base; path = Base.lproj/Main.storyboard; sourceTree = "<group>"; };
		2DBD7D1E1FF5EC1000D1A967 /* Assets.xcassets */ = {isa = PBXFileReference; lastKnownFileType = folder.assetcatalog; path = Assets.xcassets; sourceTree = "<group>"; };
		2DBD7D211FF5EC1000D1A967 /* Base */ = {isa = PBXFileReference; lastKnownFileType = file.storyboard; name = Base; path = Base.lproj/LaunchScreen.storyboard; sourceTree = "<group>"; };
		2DBD7D231FF5EC1000D1A967 /* Info.plist */ = {isa = PBXFileReference; lastKnownFileType = text.plist.xml; path = Info.plist; sourceTree = "<group>"; };
		2DBD7D241FF5EC1000D1A967 /* main.m */ = {isa = PBXFileReference; lastKnownFileType = sourcecode.c.objc; path = main.m; sourceTree = "<group>"; };
		2DBD7D291FF5EC4F00D1A967 /* DemoModule.h */ = {isa = PBXFileReference; lastKnownFileType = sourcecode.c.h; path = DemoModule.h; sourceTree = "<group>"; };
		2DBD7D2A1FF5EC4F00D1A967 /* DemoModule.m */ = {isa = PBXFileReference; lastKnownFileType = sourcecode.c.objc; path = DemoModule.m; sourceTree = "<group>"; };
		2DBD7D2C1FF5ED0900D1A967 /* WBKitDemoPrefixHeader.pch */ = {isa = PBXFileReference; lastKnownFileType = sourcecode.c.h; path = WBKitDemoPrefixHeader.pch; sourceTree = "<group>"; };
		2DBD7D311FF6031B00D1A967 /* Foundation.framework */ = {isa = PBXFileReference; lastKnownFileType = wrapper.framework; name = Foundation.framework; path = System/Library/Frameworks/Foundation.framework; sourceTree = SDKROOT; };
		2DBD7D331FF6032500D1A967 /* UIKit.framework */ = {isa = PBXFileReference; lastKnownFileType = wrapper.framework; name = UIKit.framework; path = System/Library/Frameworks/UIKit.framework; sourceTree = SDKROOT; };
		2DBD7D351FF6036100D1A967 /* libicucore.tbd */ = {isa = PBXFileReference; lastKnownFileType = "sourcecode.text-based-dylib-definition"; name = libicucore.tbd; path = usr/lib/libicucore.tbd; sourceTree = SDKROOT; };
		2DC6E6AE1FFE4776004BAB1B /* NSObject+IdentifyHelper.h */ = {isa = PBXFileReference; lastKnownFileType = sourcecode.c.h; path = "NSObject+IdentifyHelper.h"; sourceTree = "<group>"; };
		2DC6E6AF1FFE4776004BAB1B /* NSObject+IdentifyHelper.m */ = {isa = PBXFileReference; lastKnownFileType = sourcecode.c.objc; path = "NSObject+IdentifyHelper.m"; sourceTree = "<group>"; };
		2DC6E6B21FFE4DB0004BAB1B /* DemoMessageListenner.h */ = {isa = PBXFileReference; lastKnownFileType = sourcecode.c.h; path = DemoMessageListenner.h; sourceTree = "<group>"; };
		2DC6E6B31FFE4DB0004BAB1B /* DemoMessageListenner.m */ = {isa = PBXFileReference; lastKnownFileType = sourcecode.c.objc; path = DemoMessageListenner.m; sourceTree = "<group>"; };
		2DC7E9532004DF32008904FD /* UIView+Skinable.h */ = {isa = PBXFileReference; lastKnownFileType = sourcecode.c.h; path = "UIView+Skinable.h"; sourceTree = "<group>"; };
		2DC7E9542004DF32008904FD /* UIView+Skinable.m */ = {isa = PBXFileReference; lastKnownFileType = sourcecode.c.objc; path = "UIView+Skinable.m"; sourceTree = "<group>"; };
		2DC7E9572004E2DD008904FD /* SkinModule.h */ = {isa = PBXFileReference; lastKnownFileType = sourcecode.c.h; path = SkinModule.h; sourceTree = "<group>"; };
		2DC7E9582004E2DD008904FD /* SkinModule.m */ = {isa = PBXFileReference; lastKnownFileType = sourcecode.c.objc; path = SkinModule.m; sourceTree = "<group>"; };
		2DCD824F1FF3C767004721DF /* WBModule.h */ = {isa = PBXFileReference; lastKnownFileType = sourcecode.c.h; path = WBModule.h; sourceTree = "<group>"; };
		2DCD82501FF3C798004721DF /* WBService.h */ = {isa = PBXFileReference; lastKnownFileType = sourcecode.c.h; path = WBService.h; sourceTree = "<group>"; };
		2DCD82531FF3C80B004721DF /* WBModuleManager.h */ = {isa = PBXFileReference; lastKnownFileType = sourcecode.c.h; path = WBModuleManager.h; sourceTree = "<group>"; };
		2DCD82541FF3C80B004721DF /* WBModuleManager.m */ = {isa = PBXFileReference; lastKnownFileType = sourcecode.c.objc; path = WBModuleManager.m; sourceTree = "<group>"; };
/* End PBXFileReference section */

/* Begin PBXFrameworksBuildPhase section */
		2D3323C81FCC4DAA00DA53A9 /* Frameworks */ = {
			isa = PBXFrameworksBuildPhase;
			buildActionMask = 2147483647;
			files = (
				2DBD7D341FF6032500D1A967 /* UIKit.framework in Frameworks */,
				2DBD7D321FF6031B00D1A967 /* Foundation.framework in Frameworks */,
			);
			runOnlyForDeploymentPostprocessing = 0;
		};
		2DBD7D101FF5EC1000D1A967 /* Frameworks */ = {
			isa = PBXFrameworksBuildPhase;
			buildActionMask = 2147483647;
			files = (
				2DBD7D371FF603A100D1A967 /* libicucore.tbd in Frameworks */,
				2DBD7D2E1FF5F3CC00D1A967 /* libWBKit.a in Frameworks */,
			);
			runOnlyForDeploymentPostprocessing = 0;
		};
/* End PBXFrameworksBuildPhase section */

/* Begin PBXGroup section */
		0722E69620245B2C001700D1 /* UIButtonBadge */ = {
			isa = PBXGroup;
			children = (
				0722E69720245B45001700D1 /* UIButtonBadgeViewController.h */,
				0722E69820245B45001700D1 /* UIButtonBadgeViewController.m */,
			);
			path = UIButtonBadge;
			sourceTree = "<group>";
		};
		07F220E72087536500CAB7E6 /* WBModelView */ = {
			isa = PBXGroup;
			children = (
				07F220E42086D94B00CAB7E6 /* WBModelView.h */,
				07F220E52086D94B00CAB7E6 /* WBModelView.m */,
			);
			path = WBModelView;
			sourceTree = "<group>";
		};
		07FE789F2085CAC9003680D7 /* Home */ = {
			isa = PBXGroup;
			children = (
				2DC6E6B21FFE4DB0004BAB1B /* DemoMessageListenner.h */,
				2DC6E6B31FFE4DB0004BAB1B /* DemoMessageListenner.m */,
				2D3E82422010A1AF00C11DE0 /* DemoModel.h */,
				2D3E82432010A1AF00C11DE0 /* DemoModel.m */,
				2D4AA6702007515A00613341 /* DemoIbView.h */,
				2D4AA6712007515A00613341 /* DemoIbView.m */,
				2DBD7D291FF5EC4F00D1A967 /* DemoModule.h */,
				2DBD7D2A1FF5EC4F00D1A967 /* DemoModule.m */,
				2DC7E9572004E2DD008904FD /* SkinModule.h */,
				2DC7E9582004E2DD008904FD /* SkinModule.m */,
				2DBD7D181FF5EC1000D1A967 /* ViewController.h */,
				2DBD7D191FF5EC1000D1A967 /* ViewController.m */,
			);
			path = Home;
			sourceTree = "<group>";
		};
		2D1D88F2202985E600B1A778 /* WBSerialAction */ = {
			isa = PBXGroup;
			children = (
				2D1D88F32029862D00B1A778 /* WBSerialAction.h */,
				2D1D88F42029862D00B1A778 /* WBSerialAction.m */,
			);
			path = WBSerialAction;
			sourceTree = "<group>";
		};
		2D3323C21FCC4DAA00DA53A9 = {
			isa = PBXGroup;
			children = (
				2D3323CD1FCC4DAA00DA53A9 /* WBKit */,
				2DBD7D141FF5EC1000D1A967 /* WBKitDemo */,
				2D3323CC1FCC4DAA00DA53A9 /* Products */,
				070065E61FF4AB6A0059B62E /* README.md */,
				2DBD7D2D1FF5F3CC00D1A967 /* Frameworks */,
			);
			sourceTree = "<group>";
		};
		2D3323CC1FCC4DAA00DA53A9 /* Products */ = {
			isa = PBXGroup;
			children = (
				2D3323CB1FCC4DAA00DA53A9 /* libWBKit.a */,
				2DBD7D131FF5EC1000D1A967 /* WBKitDemo.app */,
			);
			name = Products;
			sourceTree = "<group>";
		};
		2D3323CD1FCC4DAA00DA53A9 /* WBKit */ = {
			isa = PBXGroup;
			children = (
				2D3323D91FCC4E1500DA53A9 /* WBCatogory */,
				2D3323D81FCC4DF200DA53A9 /* WBViews */,
				2D3323D71FCC4DC300DA53A9 /* WBBaseClasses */,
				2D3324181FCC550500DA53A9 /* WBHeader.h */,
				2D3323CE1FCC4DAA00DA53A9 /* WBKit.h */,
				2D3323CF1FCC4DAA00DA53A9 /* WBKit.m */,
			);
			path = WBKit;
			sourceTree = "<group>";
		};
		2D3323D71FCC4DC300DA53A9 /* WBBaseClasses */ = {
			isa = PBXGroup;
			children = (
				2D33240E1FCC52B300DA53A9 /* WBWebViewController.h */,
				2D33240F1FCC52B300DA53A9 /* WBWebViewController.m */,
				2D3323DF1FCC506100DA53A9 /* Functions */,
				2D3323DE1FCC4F6800DA53A9 /* Utils */,
			);
			path = WBBaseClasses;
			sourceTree = "<group>";
		};
		2D3323D81FCC4DF200DA53A9 /* WBViews */ = {
			isa = PBXGroup;
			children = (
				2D33240B1FCC528600DA53A9 /* WBReloadScroll */,
				2D33240A1FCC525D00DA53A9 /* Widges */,
				2D3324031FCC51B000DA53A9 /* WBFlyClip */,
				2D3324001FCC519F00DA53A9 /* WBCaptureView */,
				2D3323F71FCC515800DA53A9 /* WBBlurView */,
			);
			path = WBViews;
			sourceTree = "<group>";
		};
		2D3323D91FCC4E1500DA53A9 /* WBCatogory */ = {
			isa = PBXGroup;
			children = (
				2D33241F1FCFA5A600DA53A9 /* Foundation+ */,
				2D33241E1FCFA59800DA53A9 /* UI+ */,
			);
			path = WBCatogory;
			sourceTree = "<group>";
		};
		2D3323DE1FCC4F6800DA53A9 /* Utils */ = {
			isa = PBXGroup;
			children = (
				2D3323EC1FCC50BA00DA53A9 /* WBAppHelper.h */,
				2D3323ED1FCC50BA00DA53A9 /* WBAppHelper.m */,
				2D3323DD1FCC4F5E00DA53A9 /* WBGCD.h */,
				2D3323DC1FCC4F5E00DA53A9 /* WBGCD.m */,
			);
			path = Utils;
			sourceTree = "<group>";
		};
		2D3323DF1FCC506100DA53A9 /* Functions */ = {
			isa = PBXGroup;
			children = (
				2DAA5F2C20CE906B0049D80E /* NSObjectSafe */,
				2D1D88F2202985E600B1A778 /* WBSerialAction */,
				2D4100CB201624960009229E /* WBWebBridge */,
				2DCD824E1FF3C65F004721DF /* WBModuleManager */,
				2D3323E91FCC50BA00DA53A9 /* WBRoute */,
				2D3323E01FCC509300DA53A9 /* WBMessageRequestHelper */,
			);
			path = Functions;
			sourceTree = "<group>";
		};
		2D3323E01FCC509300DA53A9 /* WBMessageRequestHelper */ = {
			isa = PBXGroup;
			children = (
				2D3323E11FCC509300DA53A9 /* NSObject+MessageRequest.h */,
				2D3323E21FCC509300DA53A9 /* NSObject+MessageRequest.m */,
				2D3323E31FCC509300DA53A9 /* WBMessageTransferStation.h */,
				2D3323E41FCC509300DA53A9 /* WBMessageTransferStation.m */,
			);
			path = WBMessageRequestHelper;
			sourceTree = "<group>";
		};
		2D3323E91FCC50BA00DA53A9 /* WBRoute */ = {
			isa = PBXGroup;
			children = (
				2D3323EE1FCC50BA00DA53A9 /* WBURLRoute.h */,
				2D3323EF1FCC50BA00DA53A9 /* WBURLRoute.m */,
			);
			path = WBRoute;
			sourceTree = "<group>";
		};
		2D3323F71FCC515800DA53A9 /* WBBlurView */ = {
			isa = PBXGroup;
			children = (
				2D3323F81FCC515800DA53A9 /* FXBlurView.h */,
				2D3323F91FCC515800DA53A9 /* FXBlurView.m */,
				2D3323FA1FCC515800DA53A9 /* UIView+WBBlur.h */,
				2D3323FB1FCC515800DA53A9 /* UIView+WBBlur.m */,
			);
			path = WBBlurView;
			sourceTree = "<group>";
		};
		2D3324001FCC519F00DA53A9 /* WBCaptureView */ = {
			isa = PBXGroup;
			children = (
				2D3324011FCC519F00DA53A9 /* WBCaptureView.h */,
				2D3324021FCC519F00DA53A9 /* WBCaptureView.m */,
			);
			path = WBCaptureView;
			sourceTree = "<group>";
		};
		2D3324031FCC51B000DA53A9 /* WBFlyClip */ = {
			isa = PBXGroup;
			children = (
				2D3324041FCC51B000DA53A9 /* WBClipableViewController.h */,
				2D3324051FCC51B000DA53A9 /* WBClipableViewController.m */,
				2D1D88FC202BEFD200B1A778 /* WBFlyClipProtocolHeaders.h */,
				2D3324061FCC51B000DA53A9 /* UIViewController+WBFlyClip.h */,
				2D3324071FCC51B000DA53A9 /* UIViewController+WBFlyClip.m */,
				2D3324081FCC51B000DA53A9 /* WBFlyClipManager.h */,
				2D3324091FCC51B000DA53A9 /* WBFlyClipManager.m */,
			);
			path = WBFlyClip;
			sourceTree = "<group>";
		};
		2D33240A1FCC525D00DA53A9 /* Widges */ = {
			isa = PBXGroup;
			children = (
			);
			path = Widges;
			sourceTree = "<group>";
		};
		2D33240B1FCC528600DA53A9 /* WBReloadScroll */ = {
			isa = PBXGroup;
			children = (
				2D33240D1FCC529C00DA53A9 /* WBReloadScrollView.h */,
				2D33240C1FCC529B00DA53A9 /* WBReloadScrollView.m */,
			);
			path = WBReloadScroll;
			sourceTree = "<group>";
		};
		2D33241E1FCFA59800DA53A9 /* UI+ */ = {
			isa = PBXGroup;
			children = (
				2DAAAE38201F5D2B005F68D8 /* WBStaticTableViewHelper */,
				2D3323F01FCC50CD00DA53A9 /* UIViewController+WBLefeCircleEventManagement.h */,
				2D3323F11FCC50CD00DA53A9 /* UIViewController+WBLefeCircleEventManagement.m */,
				2D7616582032CE6200EDFCAB /* UIViewController+FindCurrentHelper.h */,
				2D7616592032CE6200EDFCAB /* UIViewController+FindCurrentHelper.m */,
				2D3323FD1FCC518900DA53A9 /* UIImage+ClearImage.h */,
				2D3323FC1FCC518900DA53A9 /* UIImage+ClearImage.m */,
				2D3324291FCFAE8800DA53A9 /* UIImage+maskCut.h */,
				2D33242A1FCFAE8800DA53A9 /* UIImage+maskCut.m */,
				2D3323FE1FCC518900DA53A9 /* UIView+WBAnimationHelp.h */,
				2D3323FF1FCC518900DA53A9 /* UIView+WBAnimationHelp.m */,
				2DC7E9532004DF32008904FD /* UIView+Skinable.h */,
				2DC7E9542004DF32008904FD /* UIView+Skinable.m */,
				2D300FA92023128500CE4B73 /* UIView+BadgeHelper.h */,
				2D300FAA2023128500CE4B73 /* UIView+BadgeHelper.m */,
				2D3324201FCFA5F300DA53A9 /* UILabel+htmlString.h */,
				2D3324211FCFA5F300DA53A9 /* UILabel+htmlString.m */,
				2D4AA677200861F800613341 /* UIControl+BlockedAction.h */,
				2D4AA678200861F800613341 /* UIControl+BlockedAction.m */,
				2D3A3DCE2052354F00A872DA /* UIGestureRecognizer+BlockedAction.h */,
				2D3A3DCF2052354F00A872DA /* UIGestureRecognizer+BlockedAction.m */,
			);
			path = "UI+";
			sourceTree = "<group>";
		};
		2D33241F1FCFA5A600DA53A9 /* Foundation+ */ = {
			isa = PBXGroup;
			children = (
				2D3323DB1FCC4F4E00DA53A9 /* NSString+regexDept.h */,
				2D3323DA1FCC4F4E00DA53A9 /* NSString+regexDept.m */,
				2D3324231FCFA6E100DA53A9 /* NSString+DecodingXMLEntities.h */,
				2D3324241FCFA6E100DA53A9 /* NSString+DecodingXMLEntities.m */,
				2D3323EA1FCC50BA00DA53A9 /* NSString+URLHelper.h */,
				2D3323EB1FCC50BA00DA53A9 /* NSString+URLHelper.m */,
				2D3323E71FCC50A800DA53A9 /* NSDictionary+MutableCopy.h */,
				2D3323E51FCC50A800DA53A9 /* NSDictionary+MutableCopy.m */,
				2D4100D0201634BA0009229E /* NSDictionary+JsonHelper.h */,
				2D4100D1201634BA0009229E /* NSDictionary+JsonHelper.m */,
				2DBB21531FF21BDA00687B53 /* NSMutableArray+Unretain.h */,
				2DBB21541FF21BDA00687B53 /* NSMutableArray+Unretain.m */,
				2DC6E6AE1FFE4776004BAB1B /* NSObject+IdentifyHelper.h */,
				2DC6E6AF1FFE4776004BAB1B /* NSObject+IdentifyHelper.m */,
				2D3323E61FCC50A800DA53A9 /* NSObject+PropertyListing.h */,
				2D3323E81FCC50A800DA53A9 /* NSObject+PropertyListing.m */,
				2DACDDC31FE7BEEC00BCE0A5 /* NSObject+SaveToDisk.h */,
				2DACDDC41FE7BEEC00BCE0A5 /* NSObject+SaveToDisk.m */,
				2D3324261FCFA93C00DA53A9 /* UIColor+WBAdditions.h */,
				2D3324271FCFA93C00DA53A9 /* UIColor+WBAdditions.m */,
				2DA4ED5A1FF0A3EC000F6F6D /* NSDate+WBAdditions.h */,
				2DA4ED5B1FF0A3EC000F6F6D /* NSDate+WBAdditions.m */,
			);
			path = "Foundation+";
			sourceTree = "<group>";
		};
		2D4100CB201624960009229E /* WBWebBridge */ = {
			isa = PBXGroup;
			children = (
				2D4100CC201625190009229E /* WBWebBridge.h */,
				2D4100CD201625190009229E /* WBWebBridge.m */,
			);
			path = WBWebBridge;
			sourceTree = "<group>";
		};
		2D761651203299E000EDFCAB /* WBFlyClipDemo */ = {
			isa = PBXGroup;
			children = (
				2D76165220329B1D00EDFCAB /* WBFlyClipDemoModule.h */,
				2D76165320329B1D00EDFCAB /* WBFlyClipDemoModule.m */,
				2D76165520329D2100EDFCAB /* WBFlyClipDemoViewController.h */,
				2D76165620329D2100EDFCAB /* WBFlyClipDemoViewController.m */,
			);
			path = WBFlyClipDemo;
			sourceTree = "<group>";
		};
		2DAA5F2C20CE906B0049D80E /* NSObjectSafe */ = {
			isa = PBXGroup;
			children = (
				2DAA5F2D20CE90800049D80E /* NSObjectSafe.h */,
				2DAA5F2E20CE90800049D80E /* NSObjectSafe.m */,
			);
			path = NSObjectSafe;
			sourceTree = "<group>";
		};
		2DAAAE38201F5D2B005F68D8 /* WBStaticTableViewHelper */ = {
			isa = PBXGroup;
			children = (
				2DAAAE2D201F1CFE005F68D8 /* UITableViewController+StaticHelper.h */,
				2DAAAE2E201F1CFE005F68D8 /* UITableViewController+StaticHelper.m */,
				2DAAAE31201F2338005F68D8 /* UITableViewCell+StaticHelper.h */,
				2DAAAE32201F2338005F68D8 /* UITableViewCell+StaticHelper.m */,
				2DAAAE39201F5D80005F68D8 /* WBStaticTableViewHelper.h */,
				2DAAAE3A201F5D80005F68D8 /* WBStaticTableViewHelper.m */,
			);
			path = WBStaticTableViewHelper;
			sourceTree = "<group>";
		};
		2DBD7D141FF5EC1000D1A967 /* WBKitDemo */ = {
			isa = PBXGroup;
			children = (
				07FE78A02085CAE7003680D7 /* DemoStaticTableViewController.h */,
				07FE78A12085CAE7003680D7 /* DemoStaticTableViewController.m */,
				07FE789F2085CAC9003680D7 /* Home */,
				2D761651203299E000EDFCAB /* WBFlyClipDemo */,
				0722E69620245B2C001700D1 /* UIButtonBadge */,
				07F220E72087536500CAB7E6 /* WBModelView */,
				2DBD7D151FF5EC1000D1A967 /* AppDelegate.h */,
				2DBD7D161FF5EC1000D1A967 /* AppDelegate.m */,
				2DBD7D1B1FF5EC1000D1A967 /* Main.storyboard */,
				2DBD7D1E1FF5EC1000D1A967 /* Assets.xcassets */,
				2DBD7D201FF5EC1000D1A967 /* LaunchScreen.storyboard */,
				2DBD7D231FF5EC1000D1A967 /* Info.plist */,
				2DBD7D241FF5EC1000D1A967 /* main.m */,
				2DBD7D2C1FF5ED0900D1A967 /* WBKitDemoPrefixHeader.pch */,
			);
			path = WBKitDemo;
			sourceTree = "<group>";
		};
		2DBD7D2D1FF5F3CC00D1A967 /* Frameworks */ = {
			isa = PBXGroup;
			children = (
				2DBD7D351FF6036100D1A967 /* libicucore.tbd */,
				2DBD7D331FF6032500D1A967 /* UIKit.framework */,
				2DBD7D311FF6031B00D1A967 /* Foundation.framework */,
			);
			name = Frameworks;
			sourceTree = "<group>";
		};
		2DCD824E1FF3C65F004721DF /* WBModuleManager */ = {
			isa = PBXGroup;
			children = (
				2DCD824F1FF3C767004721DF /* WBModule.h */,
				2DCD82501FF3C798004721DF /* WBService.h */,
				2DCD82531FF3C80B004721DF /* WBModuleManager.h */,
				2DCD82541FF3C80B004721DF /* WBModuleManager.m */,
			);
			path = WBModuleManager;
			sourceTree = "<group>";
		};
/* End PBXGroup section */

/* Begin PBXHeadersBuildPhase section */
		2DF1C59F1FF4FB14007BB079 /* Headers */ = {
			isa = PBXHeadersBuildPhase;
			buildActionMask = 2147483647;
			files = (
				2DF1C5A01FF4FB26007BB079 /* WBHeader.h in Headers */,
				2DF1C5A11FF4FB26007BB079 /* WBKit.h in Headers */,
				2DBD7CED1FF5E32300D1A967 /* NSString+regexDept.h in Headers */,
				2DBD7CEE1FF5E32300D1A967 /* NSString+DecodingXMLEntities.h in Headers */,
				2DBD7CEF1FF5E32300D1A967 /* NSString+URLHelper.h in Headers */,
				2DBD7CF01FF5E32300D1A967 /* NSDictionary+MutableCopy.h in Headers */,
				2DBD7CF11FF5E32300D1A967 /* NSMutableArray+Unretain.h in Headers */,
				2DBD7CF21FF5E32300D1A967 /* NSObject+PropertyListing.h in Headers */,
				2DBD7CF31FF5E32300D1A967 /* NSObject+SaveToDisk.h in Headers */,
				2DBD7CF41FF5E32300D1A967 /* UIColor+WBAdditions.h in Headers */,
				2DBD7CF51FF5E32300D1A967 /* NSDate+WBAdditions.h in Headers */,
				2D4100D2201634BA0009229E /* NSDictionary+JsonHelper.h in Headers */,
				2DBD7CF61FF5E32300D1A967 /* UIViewController+WBLefeCircleEventManagement.h in Headers */,
				2DBD7CF71FF5E32300D1A967 /* UIImage+ClearImage.h in Headers */,
				2DBD7CF81FF5E32300D1A967 /* UIImage+maskCut.h in Headers */,
				2DBD7CF91FF5E32300D1A967 /* UIView+WBAnimationHelp.h in Headers */,
				2DBD7CFA1FF5E32300D1A967 /* UILabel+htmlString.h in Headers */,
				2DBD7CFB1FF5E32300D1A967 /* WBReloadScrollView.h in Headers */,
				2D1D88FD202BEFD200B1A778 /* WBFlyClipProtocolHeaders.h in Headers */,
				2DBD7CFC1FF5E32300D1A967 /* WBClipableViewController.h in Headers */,
				2DBD7CFD1FF5E32300D1A967 /* UIViewController+WBFlyClip.h in Headers */,
				2D4100CE201625190009229E /* WBWebBridge.h in Headers */,
				2DBD7CFE1FF5E32300D1A967 /* WBFlyClipManager.h in Headers */,
				2DBD7CFF1FF5E32300D1A967 /* WBCaptureView.h in Headers */,
				2DBD7D001FF5E32300D1A967 /* FXBlurView.h in Headers */,
				2DBD7D011FF5E32300D1A967 /* UIView+WBBlur.h in Headers */,
				2DBD7D021FF5E32300D1A967 /* WBWebViewController.h in Headers */,
				2DBD7D031FF5E32300D1A967 /* WBModule.h in Headers */,
				2DBD7D041FF5E32300D1A967 /* WBModuleManager.h in Headers */,
				2DBD7D0A1FF5E32300D1A967 /* WBURLRoute.h in Headers */,
				2DBD7D0B1FF5E32300D1A967 /* NSObject+MessageRequest.h in Headers */,
				2DC6E6B01FFE4776004BAB1B /* NSObject+IdentifyHelper.h in Headers */,
				2DC7E9552004DF32008904FD /* UIView+Skinable.h in Headers */,
				2DBD7D0C1FF5E32300D1A967 /* WBMessageTransferStation.h in Headers */,
				2DBD7D0D1FF5E32300D1A967 /* WBAppHelper.h in Headers */,
				2DAAAE3B201F5D80005F68D8 /* WBStaticTableViewHelper.h in Headers */,
				2DAAAE2F201F1CFE005F68D8 /* UITableViewController+StaticHelper.h in Headers */,
				2DAA5F2F20CE90800049D80E /* NSObjectSafe.h in Headers */,
				2DAAAE33201F2338005F68D8 /* UITableViewCell+StaticHelper.h in Headers */,
				2D4AA679200861F800613341 /* UIControl+BlockedAction.h in Headers */,
				2DBD7D0E1FF5E32300D1A967 /* WBGCD.h in Headers */,
				2D300FAB2023128500CE4B73 /* UIView+BadgeHelper.h in Headers */,
				2D1D88F52029862D00B1A778 /* WBSerialAction.h in Headers */,
				2D76165A2032CE6200EDFCAB /* UIViewController+FindCurrentHelper.h in Headers */,
				2D3A3DD02052354F00A872DA /* UIGestureRecognizer+BlockedAction.h in Headers */,
			);
			runOnlyForDeploymentPostprocessing = 0;
		};
/* End PBXHeadersBuildPhase section */

/* Begin PBXNativeTarget section */
		2D3323CA1FCC4DAA00DA53A9 /* WBKit */ = {
			isa = PBXNativeTarget;
			buildConfigurationList = 2D3323D41FCC4DAA00DA53A9 /* Build configuration list for PBXNativeTarget "WBKit" */;
			buildPhases = (
				2D3323C71FCC4DAA00DA53A9 /* Sources */,
				2D3323C81FCC4DAA00DA53A9 /* Frameworks */,
				2D3323C91FCC4DAA00DA53A9 /* CopyFiles */,
				2DF1C59F1FF4FB14007BB079 /* Headers */,
			);
			buildRules = (
			);
			dependencies = (
			);
			name = WBKit;
			productName = WBKit;
			productReference = 2D3323CB1FCC4DAA00DA53A9 /* libWBKit.a */;
			productType = "com.apple.product-type.library.static";
		};
		2DBD7D121FF5EC1000D1A967 /* WBKitDemo */ = {
			isa = PBXNativeTarget;
			buildConfigurationList = 2DBD7D261FF5EC1000D1A967 /* Build configuration list for PBXNativeTarget "WBKitDemo" */;
			buildPhases = (
				2DBD7D0F1FF5EC1000D1A967 /* Sources */,
				2DBD7D101FF5EC1000D1A967 /* Frameworks */,
				2DBD7D111FF5EC1000D1A967 /* Resources */,
			);
			buildRules = (
			);
			dependencies = (
				2DBD7D301FF5F6E700D1A967 /* PBXTargetDependency */,
			);
			name = WBKitDemo;
			productName = WBKitDemo;
			productReference = 2DBD7D131FF5EC1000D1A967 /* WBKitDemo.app */;
			productType = "com.apple.product-type.application";
		};
/* End PBXNativeTarget section */

/* Begin PBXProject section */
		2D3323C31FCC4DAA00DA53A9 /* Project object */ = {
			isa = PBXProject;
			attributes = {
				LastUpgradeCheck = 0930;
				ORGANIZATIONNAME = wangbo;
				TargetAttributes = {
					2D3323CA1FCC4DAA00DA53A9 = {
						CreatedOnToolsVersion = 9.0;
						ProvisioningStyle = Automatic;
					};
					2DBD7D121FF5EC1000D1A967 = {
						CreatedOnToolsVersion = 9.0;
						ProvisioningStyle = Automatic;
					};
				};
			};
			buildConfigurationList = 2D3323C61FCC4DAA00DA53A9 /* Build configuration list for PBXProject "WBKit" */;
			compatibilityVersion = "Xcode 8.0";
			developmentRegion = en;
			hasScannedForEncodings = 0;
			knownRegions = (
				en,
				Base,
			);
			mainGroup = 2D3323C21FCC4DAA00DA53A9;
			productRefGroup = 2D3323CC1FCC4DAA00DA53A9 /* Products */;
			projectDirPath = "";
			projectRoot = "";
			targets = (
				2D3323CA1FCC4DAA00DA53A9 /* WBKit */,
				2DBD7D121FF5EC1000D1A967 /* WBKitDemo */,
			);
		};
/* End PBXProject section */

/* Begin PBXResourcesBuildPhase section */
		2DBD7D111FF5EC1000D1A967 /* Resources */ = {
			isa = PBXResourcesBuildPhase;
			buildActionMask = 2147483647;
			files = (
				2DBD7D221FF5EC1000D1A967 /* LaunchScreen.storyboard in Resources */,
				2DBD7D1F1FF5EC1000D1A967 /* Assets.xcassets in Resources */,
				2DBD7D1D1FF5EC1000D1A967 /* Main.storyboard in Resources */,
			);
			runOnlyForDeploymentPostprocessing = 0;
		};
/* End PBXResourcesBuildPhase section */

/* Begin PBXSourcesBuildPhase section */
		2D3323C71FCC4DAA00DA53A9 /* Sources */ = {
			isa = PBXSourcesBuildPhase;
			buildActionMask = 2147483647;
			files = (
				2D1D88F62029862D00B1A778 /* WBSerialAction.m in Sources */,
				2DACDDC51FE7BEEC00BCE0A5 /* NSObject+SaveToDisk.m in Sources */,
				2DC7E9562004DF32008904FD /* UIView+Skinable.m in Sources */,
				2DC6E6B11FFE4776004BAB1B /* NSObject+IdentifyHelper.m in Sources */,
				2DF1C58A1FF4F946007BB079 /* NSObject+PropertyListing.m in Sources */,
				2DAAAE30201F1CFE005F68D8 /* UITableViewController+StaticHelper.m in Sources */,
				2D3324101FCC52B300DA53A9 /* WBWebViewController.m in Sources */,
				2DF1C59A1FF4F9C2007BB079 /* WBURLRoute.m in Sources */,
				2D3324281FCFA93C00DA53A9 /* UIColor+WBAdditions.m in Sources */,
				2D300FAC2023128500CE4B73 /* UIView+BadgeHelper.m in Sources */,
				2D33242B1FCFAE8800DA53A9 /* UIImage+maskCut.m in Sources */,
				2DF1C58F1FF4F961007BB079 /* WBClipableViewController.m in Sources */,
				2D3A3DD12052354F00A872DA /* UIGestureRecognizer+BlockedAction.m in Sources */,
				2DF1C59E1FF4FA20007BB079 /* WBGCD.m in Sources */,
				2DF1C5921FF4F986007BB079 /* WBCaptureView.m in Sources */,
				2DF1C58C1FF4F951007BB079 /* UIImage+ClearImage.m in Sources */,
				2DF1C5931FF4F98A007BB079 /* FXBlurView.m in Sources */,
				2D33242C1FCFAFA900DA53A9 /* NSString+URLHelper.m in Sources */,
				2DAAAE3C201F5D80005F68D8 /* WBStaticTableViewHelper.m in Sources */,
				2DF1C5911FF4F966007BB079 /* WBFlyClipManager.m in Sources */,
				2D3324221FCFA5F300DA53A9 /* UILabel+htmlString.m in Sources */,
				2D4AA67A200861F800613341 /* UIControl+BlockedAction.m in Sources */,
				2DF1C5881FF4F93C007BB079 /* NSString+regexDept.m in Sources */,
				2DF1C58D1FF4F956007BB079 /* UIView+WBAnimationHelp.m in Sources */,
				2DF1C5891FF4F941007BB079 /* NSDictionary+MutableCopy.m in Sources */,
				2DAAAE34201F2338005F68D8 /* UITableViewCell+StaticHelper.m in Sources */,
				2DAA5F3020CE90800049D80E /* NSObjectSafe.m in Sources */,
				2DCD82551FF3C80B004721DF /* WBModuleManager.m in Sources */,
				2DA4ED5C1FF0A3EC000F6F6D /* NSDate+WBAdditions.m in Sources */,
				2DF1C59B1FF4F9FB007BB079 /* NSObject+MessageRequest.m in Sources */,
				2DBB21551FF21BDA00687B53 /* NSMutableArray+Unretain.m in Sources */,
				2D3323D01FCC4DAA00DA53A9 /* WBKit.m in Sources */,
				2DF1C58E1FF4F95C007BB079 /* WBReloadScrollView.m in Sources */,
				2DF1C59D1FF4FA1D007BB079 /* WBAppHelper.m in Sources */,
				2DF1C59C1FF4FA19007BB079 /* WBMessageTransferStation.m in Sources */,
				2DF1C5941FF4F98C007BB079 /* UIView+WBBlur.m in Sources */,
				2D4100CF201625190009229E /* WBWebBridge.m in Sources */,
				2D76165B2032CE6200EDFCAB /* UIViewController+FindCurrentHelper.m in Sources */,
				2DF1C58B1FF4F94E007BB079 /* UIViewController+WBLefeCircleEventManagement.m in Sources */,
				2D3324251FCFA6E100DA53A9 /* NSString+DecodingXMLEntities.m in Sources */,
				2D4100D3201634BA0009229E /* NSDictionary+JsonHelper.m in Sources */,
				2DF1C5901FF4F963007BB079 /* UIViewController+WBFlyClip.m in Sources */,
			);
			runOnlyForDeploymentPostprocessing = 0;
		};
		2DBD7D0F1FF5EC1000D1A967 /* Sources */ = {
			isa = PBXSourcesBuildPhase;
			buildActionMask = 2147483647;
			files = (
				2DC6E6B41FFE4DB0004BAB1B /* DemoMessageListenner.m in Sources */,
				2D76165420329B1D00EDFCAB /* WBFlyClipDemoModule.m in Sources */,
				07FE78A22085CAE7003680D7 /* DemoStaticTableViewController.m in Sources */,
				2DBD7D1A1FF5EC1000D1A967 /* ViewController.m in Sources */,
				2DC7E9592004E2DD008904FD /* SkinModule.m in Sources */,
				2D76165720329D2100EDFCAB /* WBFlyClipDemoViewController.m in Sources */,
				2DBD7D251FF5EC1000D1A967 /* main.m in Sources */,
				0722E69920245B45001700D1 /* UIButtonBadgeViewController.m in Sources */,
				07F220E62086D94B00CAB7E6 /* WBModelView.m in Sources */,
				2D3E82442010A1AF00C11DE0 /* DemoModel.m in Sources */,
				2DBD7D2B1FF5EC4F00D1A967 /* DemoModule.m in Sources */,
				2DBD7D171FF5EC1000D1A967 /* AppDelegate.m in Sources */,
				2D4AA6722007515A00613341 /* DemoIbView.m in Sources */,
			);
			runOnlyForDeploymentPostprocessing = 0;
		};
/* End PBXSourcesBuildPhase section */

/* Begin PBXTargetDependency section */
		2DBD7D301FF5F6E700D1A967 /* PBXTargetDependency */ = {
			isa = PBXTargetDependency;
			target = 2D3323CA1FCC4DAA00DA53A9 /* WBKit */;
			targetProxy = 2DBD7D2F1FF5F6E700D1A967 /* PBXContainerItemProxy */;
		};
/* End PBXTargetDependency section */

/* Begin PBXVariantGroup section */
		2DBD7D1B1FF5EC1000D1A967 /* Main.storyboard */ = {
			isa = PBXVariantGroup;
			children = (
				2DBD7D1C1FF5EC1000D1A967 /* Base */,
			);
			name = Main.storyboard;
			sourceTree = "<group>";
		};
		2DBD7D201FF5EC1000D1A967 /* LaunchScreen.storyboard */ = {
			isa = PBXVariantGroup;
			children = (
				2DBD7D211FF5EC1000D1A967 /* Base */,
			);
			name = LaunchScreen.storyboard;
			sourceTree = "<group>";
		};
/* End PBXVariantGroup section */

/* Begin XCBuildConfiguration section */
		2D3323D21FCC4DAA00DA53A9 /* Debug */ = {
			isa = XCBuildConfiguration;
			buildSettings = {
				ALWAYS_SEARCH_USER_PATHS = NO;
				CLANG_ANALYZER_NONNULL = YES;
				CLANG_ANALYZER_NUMBER_OBJECT_CONVERSION = YES_AGGRESSIVE;
				CLANG_CXX_LANGUAGE_STANDARD = "gnu++14";
				CLANG_CXX_LIBRARY = "libc++";
				CLANG_ENABLE_MODULES = YES;
				CLANG_ENABLE_OBJC_ARC = YES;
				CLANG_WARN_BLOCK_CAPTURE_AUTORELEASING = YES;
				CLANG_WARN_BOOL_CONVERSION = YES;
				CLANG_WARN_COMMA = YES;
				CLANG_WARN_CONSTANT_CONVERSION = YES;
				CLANG_WARN_DEPRECATED_OBJC_IMPLEMENTATIONS = YES;
				CLANG_WARN_DIRECT_OBJC_ISA_USAGE = YES_ERROR;
				CLANG_WARN_DOCUMENTATION_COMMENTS = YES;
				CLANG_WARN_EMPTY_BODY = YES;
				CLANG_WARN_ENUM_CONVERSION = YES;
				CLANG_WARN_INFINITE_RECURSION = YES;
				CLANG_WARN_INT_CONVERSION = YES;
				CLANG_WARN_NON_LITERAL_NULL_CONVERSION = YES;
				CLANG_WARN_OBJC_IMPLICIT_RETAIN_SELF = YES;
				CLANG_WARN_OBJC_LITERAL_CONVERSION = YES;
				CLANG_WARN_OBJC_ROOT_CLASS = YES_ERROR;
				CLANG_WARN_RANGE_LOOP_ANALYSIS = YES;
				CLANG_WARN_STRICT_PROTOTYPES = YES;
				CLANG_WARN_SUSPICIOUS_MOVE = YES;
				CLANG_WARN_UNGUARDED_AVAILABILITY = YES_AGGRESSIVE;
				CLANG_WARN_UNREACHABLE_CODE = YES;
				CLANG_WARN__DUPLICATE_METHOD_MATCH = YES;
				CODE_SIGN_IDENTITY = "iPhone Developer";
				COPY_PHASE_STRIP = NO;
				DEBUG_INFORMATION_FORMAT = dwarf;
				ENABLE_STRICT_OBJC_MSGSEND = YES;
				ENABLE_TESTABILITY = YES;
				GCC_C_LANGUAGE_STANDARD = gnu11;
				GCC_DYNAMIC_NO_PIC = NO;
				GCC_NO_COMMON_BLOCKS = YES;
				GCC_OPTIMIZATION_LEVEL = 0;
				GCC_PREPROCESSOR_DEFINITIONS = (
					"DEBUG=1",
					"$(inherited)",
				);
				GCC_WARN_64_TO_32_BIT_CONVERSION = YES;
				GCC_WARN_ABOUT_RETURN_TYPE = YES_ERROR;
				GCC_WARN_UNDECLARED_SELECTOR = YES;
				GCC_WARN_UNINITIALIZED_AUTOS = YES_AGGRESSIVE;
				GCC_WARN_UNUSED_FUNCTION = YES;
				GCC_WARN_UNUSED_VARIABLE = YES;
				IPHONEOS_DEPLOYMENT_TARGET = 8.0;
				MTL_ENABLE_DEBUG_INFO = YES;
				ONLY_ACTIVE_ARCH = YES;
				SDKROOT = iphoneos;
			};
			name = Debug;
		};
		2D3323D31FCC4DAA00DA53A9 /* Release */ = {
			isa = XCBuildConfiguration;
			buildSettings = {
				ALWAYS_SEARCH_USER_PATHS = NO;
				CLANG_ANALYZER_NONNULL = YES;
				CLANG_ANALYZER_NUMBER_OBJECT_CONVERSION = YES_AGGRESSIVE;
				CLANG_CXX_LANGUAGE_STANDARD = "gnu++14";
				CLANG_CXX_LIBRARY = "libc++";
				CLANG_ENABLE_MODULES = YES;
				CLANG_ENABLE_OBJC_ARC = YES;
				CLANG_WARN_BLOCK_CAPTURE_AUTORELEASING = YES;
				CLANG_WARN_BOOL_CONVERSION = YES;
				CLANG_WARN_COMMA = YES;
				CLANG_WARN_CONSTANT_CONVERSION = YES;
				CLANG_WARN_DEPRECATED_OBJC_IMPLEMENTATIONS = YES;
				CLANG_WARN_DIRECT_OBJC_ISA_USAGE = YES_ERROR;
				CLANG_WARN_DOCUMENTATION_COMMENTS = YES;
				CLANG_WARN_EMPTY_BODY = YES;
				CLANG_WARN_ENUM_CONVERSION = YES;
				CLANG_WARN_INFINITE_RECURSION = YES;
				CLANG_WARN_INT_CONVERSION = YES;
				CLANG_WARN_NON_LITERAL_NULL_CONVERSION = YES;
				CLANG_WARN_OBJC_IMPLICIT_RETAIN_SELF = YES;
				CLANG_WARN_OBJC_LITERAL_CONVERSION = YES;
				CLANG_WARN_OBJC_ROOT_CLASS = YES_ERROR;
				CLANG_WARN_RANGE_LOOP_ANALYSIS = YES;
				CLANG_WARN_STRICT_PROTOTYPES = YES;
				CLANG_WARN_SUSPICIOUS_MOVE = YES;
				CLANG_WARN_UNGUARDED_AVAILABILITY = YES_AGGRESSIVE;
				CLANG_WARN_UNREACHABLE_CODE = YES;
				CLANG_WARN__DUPLICATE_METHOD_MATCH = YES;
				CODE_SIGN_IDENTITY = "iPhone Developer";
				COPY_PHASE_STRIP = NO;
				DEBUG_INFORMATION_FORMAT = "dwarf-with-dsym";
				ENABLE_NS_ASSERTIONS = NO;
				ENABLE_STRICT_OBJC_MSGSEND = YES;
				GCC_C_LANGUAGE_STANDARD = gnu11;
				GCC_NO_COMMON_BLOCKS = YES;
				GCC_WARN_64_TO_32_BIT_CONVERSION = YES;
				GCC_WARN_ABOUT_RETURN_TYPE = YES_ERROR;
				GCC_WARN_UNDECLARED_SELECTOR = YES;
				GCC_WARN_UNINITIALIZED_AUTOS = YES_AGGRESSIVE;
				GCC_WARN_UNUSED_FUNCTION = YES;
				GCC_WARN_UNUSED_VARIABLE = YES;
				IPHONEOS_DEPLOYMENT_TARGET = 8.0;
				MTL_ENABLE_DEBUG_INFO = NO;
				SDKROOT = iphoneos;
				VALIDATE_PRODUCT = YES;
			};
			name = Release;
		};
		2D3323D51FCC4DAA00DA53A9 /* Debug */ = {
			isa = XCBuildConfiguration;
			buildSettings = {
				CODE_SIGN_STYLE = Automatic;
				DEVELOPMENT_TEAM = EWA2ZXUT77;
				ONLY_ACTIVE_ARCH = NO;
				OTHER_LDFLAGS = "-ObjC";
				PRODUCT_NAME = "$(TARGET_NAME)";
				SKIP_INSTALL = YES;
				TARGETED_DEVICE_FAMILY = "1,2";
			};
			name = Debug;
		};
		2D3323D61FCC4DAA00DA53A9 /* Release */ = {
			isa = XCBuildConfiguration;
			buildSettings = {
				CODE_SIGN_STYLE = Automatic;
				DEVELOPMENT_TEAM = EWA2ZXUT77;
				OTHER_LDFLAGS = "-ObjC";
				PRODUCT_NAME = "$(TARGET_NAME)";
				SKIP_INSTALL = YES;
				TARGETED_DEVICE_FAMILY = "1,2";
			};
			name = Release;
		};
		2DBD7D271FF5EC1000D1A967 /* Debug */ = {
			isa = XCBuildConfiguration;
			buildSettings = {
				ASSETCATALOG_COMPILER_APPICON_NAME = AppIcon;
				CODE_SIGN_STYLE = Automatic;
				DEVELOPMENT_TEAM = EWA2ZXUT77;
				GCC_PREFIX_HEADER = ./WBKitDemo/WBKitDemoPrefixHeader.pch;
				INFOPLIST_FILE = WBKitDemo/Info.plist;
				IPHONEOS_DEPLOYMENT_TARGET = 8.0;
				LD_RUNPATH_SEARCH_PATHS = "$(inherited) @executable_path/Frameworks";
				OTHER_LDFLAGS = "-ObjC";
				PRODUCT_BUNDLE_IDENTIFIER = com.wangbo.WBKitDemo;
				PRODUCT_NAME = "$(TARGET_NAME)";
				TARGETED_DEVICE_FAMILY = "1,2";
			};
			name = Debug;
		};
		2DBD7D281FF5EC1000D1A967 /* Release */ = {
			isa = XCBuildConfiguration;
			buildSettings = {
				ASSETCATALOG_COMPILER_APPICON_NAME = AppIcon;
				CODE_SIGN_STYLE = Automatic;
				DEVELOPMENT_TEAM = EWA2ZXUT77;
				GCC_PREFIX_HEADER = ./WBKitDemo/WBKitDemoPrefixHeader.pch;
				INFOPLIST_FILE = WBKitDemo/Info.plist;
				IPHONEOS_DEPLOYMENT_TARGET = 8.0;
				LD_RUNPATH_SEARCH_PATHS = "$(inherited) @executable_path/Frameworks";
				OTHER_LDFLAGS = "-ObjC";
				PRODUCT_BUNDLE_IDENTIFIER = com.wangbo.WBKitDemo;
				PRODUCT_NAME = "$(TARGET_NAME)";
				TARGETED_DEVICE_FAMILY = "1,2";
			};
			name = Release;
		};
/* End XCBuildConfiguration section */

/* Begin XCConfigurationList section */
		2D3323C61FCC4DAA00DA53A9 /* Build configuration list for PBXProject "WBKit" */ = {
			isa = XCConfigurationList;
			buildConfigurations = (
				2D3323D21FCC4DAA00DA53A9 /* Debug */,
				2D3323D31FCC4DAA00DA53A9 /* Release */,
			);
			defaultConfigurationIsVisible = 0;
			defaultConfigurationName = Release;
		};
		2D3323D41FCC4DAA00DA53A9 /* Build configuration list for PBXNativeTarget "WBKit" */ = {
			isa = XCConfigurationList;
			buildConfigurations = (
				2D3323D51FCC4DAA00DA53A9 /* Debug */,
				2D3323D61FCC4DAA00DA53A9 /* Release */,
			);
			defaultConfigurationIsVisible = 0;
			defaultConfigurationName = Release;
		};
		2DBD7D261FF5EC1000D1A967 /* Build configuration list for PBXNativeTarget "WBKitDemo" */ = {
			isa = XCConfigurationList;
			buildConfigurations = (
				2DBD7D271FF5EC1000D1A967 /* Debug */,
				2DBD7D281FF5EC1000D1A967 /* Release */,
			);
			defaultConfigurationIsVisible = 0;
			defaultConfigurationName = Release;
		};
/* End XCConfigurationList section */
	};
	rootObject = 2D3323C31FCC4DAA00DA53A9 /* Project object */;
}
